// !$*UTF8*$!
{
	archiveVersion = 1;
	classes = {
	};
	objectVersion = 46;
	objects = {

/* Begin PBXBuildFile section */
		241154357B10F80B754F7A76 /* Pods_RouteNav.framework in Frameworks */ = {isa = PBXBuildFile; fileRef = 463FD9BD630C5A6AB65E7AFA /* Pods_RouteNav.framework */; };
		400B6D431F32466D0094E76C /* MapKit.framework in Frameworks */ = {isa = PBXBuildFile; fileRef = 400B6D421F32466D0094E76C /* MapKit.framework */; };
		4031295A1E431DF7004CA4F8 /* AppDelegate.swift in Sources */ = {isa = PBXBuildFile; fileRef = 403129591E431DF7004CA4F8 /* AppDelegate.swift */; };
		4031295F1E431DF7004CA4F8 /* Main.storyboard in Resources */ = {isa = PBXBuildFile; fileRef = 4031295D1E431DF7004CA4F8 /* Main.storyboard */; };
		403129621E431DF7004CA4F8 /* RouteNav.xcdatamodeld in Sources */ = {isa = PBXBuildFile; fileRef = 403129601E431DF7004CA4F8 /* RouteNav.xcdatamodeld */; };
		403129671E431DF7004CA4F8 /* LaunchScreen.storyboard in Resources */ = {isa = PBXBuildFile; fileRef = 403129651E431DF7004CA4F8 /* LaunchScreen.storyboard */; };
		403AF66E1F75857900EF0A9D /* RoutePolyline.swift in Sources */ = {isa = PBXBuildFile; fileRef = 403AF66D1F75857900EF0A9D /* RoutePolyline.swift */; };
		405F319A1E81B1890013457C /* StravaAPIHelper.swift in Sources */ = {isa = PBXBuildFile; fileRef = 405F31991E81B1890013457C /* StravaAPIHelper.swift */; };
		407111BA200CFDC100530974 /* DataModel.swift in Sources */ = {isa = PBXBuildFile; fileRef = 407111B9200CFDC100530974 /* DataModel.swift */; };
		407111BE200D04E900530974 /* onBoardingViewController.swift in Sources */ = {isa = PBXBuildFile; fileRef = 407111BD200D04E900530974 /* onBoardingViewController.swift */; };
		4072BE771FD579710004525E /* MapRoutesViewController.swift in Sources */ = {isa = PBXBuildFile; fileRef = 4072BE761FD579710004525E /* MapRoutesViewController.swift */; };
		40866E8F1F111FFD00778CCC /* StravaAuthViewController.swift in Sources */ = {isa = PBXBuildFile; fileRef = 40866E8E1F111FFD00778CCC /* StravaAuthViewController.swift */; };
		40866E921F11326200778CCC /* AdSupport.framework in Frameworks */ = {isa = PBXBuildFile; fileRef = 40866E911F11326200778CCC /* AdSupport.framework */; };
		409559821F135C9800050BDD /* SRTHelperFunctions.swift in Sources */ = {isa = PBXBuildFile; fileRef = 409559811F135C9800050BDD /* SRTHelperFunctions.swift */; };
		40AD0A421EAA21DB00E06958 /* RouteNavigationViewController.swift in Sources */ = {isa = PBXBuildFile; fileRef = 40AD0A411EAA21DB00E06958 /* RouteNavigationViewController.swift */; };
		40BC517C1FDFD33900F180B2 /* RouteAnnotationView.swift in Sources */ = {isa = PBXBuildFile; fileRef = 40BC517B1FDFD33900F180B2 /* RouteAnnotationView.swift */; };
		40BC517E1FDFDE2B00F180B2 /* Assets.xcassets in Resources */ = {isa = PBXBuildFile; fileRef = 40BC517D1FDFDE2B00F180B2 /* Assets.xcassets */; };
		40D8E7281FDACF050034590A /* RouteAnnotation.swift in Sources */ = {isa = PBXBuildFile; fileRef = 40D8E7271FDACF050034590A /* RouteAnnotation.swift */; };
		40EDDE711F129B6A0057EE65 /* RouteTableViewCell.swift in Sources */ = {isa = PBXBuildFile; fileRef = 40EDDE6F1F129B6A0057EE65 /* RouteTableViewCell.swift */; };
		40EDDE721F129B6A0057EE65 /* RouteTableViewCell.xib in Resources */ = {isa = PBXBuildFile; fileRef = 40EDDE701F129B6A0057EE65 /* RouteTableViewCell.xib */; };
		40F1AC661EBCE84C006CD74B /* StravaCoreDataHandler.swift in Sources */ = {isa = PBXBuildFile; fileRef = 40F1AC651EBCE84C006CD74B /* StravaCoreDataHandler.swift */; };
		40F507B71F75515F00E6993C /* Interface.storyboard in Resources */ = {isa = PBXBuildFile; fileRef = 40F507B51F75515F00E6993C /* Interface.storyboard */; };
		40F507B91F75515F00E6993C /* Assets.xcassets in Resources */ = {isa = PBXBuildFile; fileRef = 40F507B81F75515F00E6993C /* Assets.xcassets */; };
		40F507C01F75515F00E6993C /* Strvroutewatchapp Extension.appex in Embed App Extensions */ = {isa = PBXBuildFile; fileRef = 40F507BF1F75515F00E6993C /* Strvroutewatchapp Extension.appex */; settings = {ATTRIBUTES = (RemoveHeadersOnCopy, ); }; };
		40F507C51F75515F00E6993C /* InterfaceController.swift in Sources */ = {isa = PBXBuildFile; fileRef = 40F507C41F75515F00E6993C /* InterfaceController.swift */; };
		40F507C71F75515F00E6993C /* ExtensionDelegate.swift in Sources */ = {isa = PBXBuildFile; fileRef = 40F507C61F75515F00E6993C /* ExtensionDelegate.swift */; };
		40F507C91F75515F00E6993C /* NotificationController.swift in Sources */ = {isa = PBXBuildFile; fileRef = 40F507C81F75515F00E6993C /* NotificationController.swift */; };
		40F507CB1F75515F00E6993C /* Assets.xcassets in Resources */ = {isa = PBXBuildFile; fileRef = 40F507CA1F75515F00E6993C /* Assets.xcassets */; };
		40F507D01F75515F00E6993C /* Strvroutewatchapp.app in Embed Watch Content */ = {isa = PBXBuildFile; fileRef = 40F507B31F75515E00E6993C /* Strvroutewatchapp.app */; };
		40FAFC8F1EABABA80002EDAC /* GoogleService-Info.plist in Resources */ = {isa = PBXBuildFile; fileRef = 40FAFC8E1EABABA80002EDAC /* GoogleService-Info.plist */; };
		40FF5E442013772A00816EC0 /* CustomActivity.swift in Sources */ = {isa = PBXBuildFile; fileRef = 40FF5E432013772A00816EC0 /* CustomActivity.swift */; };
/* End PBXBuildFile section */

/* Begin PBXContainerItemProxy section */
		40F507C11F75515F00E6993C /* PBXContainerItemProxy */ = {
			isa = PBXContainerItemProxy;
			containerPortal = 4031294E1E431DF7004CA4F8 /* Project object */;
			proxyType = 1;
			remoteGlobalIDString = 40F507BE1F75515F00E6993C;
			remoteInfo = "Strvroutewatchapp Extension";
		};
		40F507CE1F75515F00E6993C /* PBXContainerItemProxy */ = {
			isa = PBXContainerItemProxy;
			containerPortal = 4031294E1E431DF7004CA4F8 /* Project object */;
			proxyType = 1;
			remoteGlobalIDString = 40F507B21F75515E00E6993C;
			remoteInfo = Strvroutewatchapp;
		};
/* End PBXContainerItemProxy section */

/* Begin PBXCopyFilesBuildPhase section */
		40F507D41F75515F00E6993C /* Embed App Extensions */ = {
			isa = PBXCopyFilesBuildPhase;
			buildActionMask = 2147483647;
			dstPath = "";
			dstSubfolderSpec = 13;
			files = (
				40F507C01F75515F00E6993C /* Strvroutewatchapp Extension.appex in Embed App Extensions */,
			);
			name = "Embed App Extensions";
			runOnlyForDeploymentPostprocessing = 0;
		};
		40F507D81F75515F00E6993C /* Embed Watch Content */ = {
			isa = PBXCopyFilesBuildPhase;
			buildActionMask = 2147483647;
			dstPath = "$(CONTENTS_FOLDER_PATH)/Watch";
			dstSubfolderSpec = 16;
			files = (
				40F507D01F75515F00E6993C /* Strvroutewatchapp.app in Embed Watch Content */,
			);
			name = "Embed Watch Content";
			runOnlyForDeploymentPostprocessing = 0;
		};
/* End PBXCopyFilesBuildPhase section */

/* Begin PBXFileReference section */
		0932CDF291FA89229D4AED34 /* Pods-RouteNavTests.release.xcconfig */ = {isa = PBXFileReference; includeInIndex = 1; lastKnownFileType = text.xcconfig; name = "Pods-RouteNavTests.release.xcconfig"; path = "Pods/Target Support Files/Pods-RouteNavTests/Pods-RouteNavTests.release.xcconfig"; sourceTree = "<group>"; };
		0CEE47B86ECFBD8FF7B2026D /* Pods_RouteNavTests.framework */ = {isa = PBXFileReference; explicitFileType = wrapper.framework; includeInIndex = 0; path = Pods_RouteNavTests.framework; sourceTree = BUILT_PRODUCTS_DIR; };
		19A519723F5F6F49D94DCBED /* Pods-RouteNav.debug.xcconfig */ = {isa = PBXFileReference; includeInIndex = 1; lastKnownFileType = text.xcconfig; name = "Pods-RouteNav.debug.xcconfig"; path = "Pods/Target Support Files/Pods-RouteNav/Pods-RouteNav.debug.xcconfig"; sourceTree = "<group>"; };
		3CA5A0A26F8E9B16E90201EB /* Pods-RouteNavUITests.release.xcconfig */ = {isa = PBXFileReference; includeInIndex = 1; lastKnownFileType = text.xcconfig; name = "Pods-RouteNavUITests.release.xcconfig"; path = "Pods/Target Support Files/Pods-RouteNavUITests/Pods-RouteNavUITests.release.xcconfig"; sourceTree = "<group>"; };
		400B6D421F32466D0094E76C /* MapKit.framework */ = {isa = PBXFileReference; lastKnownFileType = wrapper.framework; name = MapKit.framework; path = System/Library/Frameworks/MapKit.framework; sourceTree = SDKROOT; };
		400E09FD1E4350E900EE4118 /* StravaSwift.framework */ = {isa = PBXFileReference; lastKnownFileType = wrapper.framework; name = StravaSwift.framework; path = "../StravaSwift/build/Debug-iphoneos/StravaSwift.framework"; sourceTree = "<group>"; };
		400EDFDA1F5360AB00E4BB62 /* Pugneys to Nostell.gpx */ = {isa = PBXFileReference; lastKnownFileType = text.xml; path = "Pugneys to Nostell.gpx"; sourceTree = "<group>"; };
		403129561E431DF7004CA4F8 /* STRVROUTE.app */ = {isa = PBXFileReference; explicitFileType = wrapper.application; includeInIndex = 0; path = STRVROUTE.app; sourceTree = BUILT_PRODUCTS_DIR; };
		403129591E431DF7004CA4F8 /* AppDelegate.swift */ = {isa = PBXFileReference; lastKnownFileType = sourcecode.swift; path = AppDelegate.swift; sourceTree = "<group>"; };
		4031295E1E431DF7004CA4F8 /* Base */ = {isa = PBXFileReference; lastKnownFileType = file.storyboard; name = Base; path = Base.lproj/Main.storyboard; sourceTree = "<group>"; };
		403129611E431DF7004CA4F8 /* RouteNav.xcdatamodel */ = {isa = PBXFileReference; lastKnownFileType = wrapper.xcdatamodel; path = RouteNav.xcdatamodel; sourceTree = "<group>"; };
		403129661E431DF7004CA4F8 /* Base */ = {isa = PBXFileReference; lastKnownFileType = file.storyboard; name = Base; path = Base.lproj/LaunchScreen.storyboard; sourceTree = "<group>"; };
		403129681E431DF7004CA4F8 /* Info.plist */ = {isa = PBXFileReference; lastKnownFileType = text.plist.xml; path = Info.plist; sourceTree = "<group>"; };
		403129711E431DF7004CA4F8 /* RouteNavTests.swift */ = {isa = PBXFileReference; lastKnownFileType = sourcecode.swift; path = RouteNavTests.swift; sourceTree = "<group>"; };
		403129731E431DF7004CA4F8 /* Info.plist */ = {isa = PBXFileReference; lastKnownFileType = text.plist.xml; path = Info.plist; sourceTree = "<group>"; };
		4031297C1E431DF7004CA4F8 /* RouteNavUITests.swift */ = {isa = PBXFileReference; lastKnownFileType = sourcecode.swift; path = RouteNavUITests.swift; sourceTree = "<group>"; };
		4031297E1E431DF7004CA4F8 /* Info.plist */ = {isa = PBXFileReference; lastKnownFileType = text.plist.xml; path = Info.plist; sourceTree = "<group>"; };
		403AF66D1F75857900EF0A9D /* RoutePolyline.swift */ = {isa = PBXFileReference; lastKnownFileType = sourcecode.swift; path = RoutePolyline.swift; sourceTree = "<group>"; };
		405F31991E81B1890013457C /* StravaAPIHelper.swift */ = {isa = PBXFileReference; fileEncoding = 4; lastKnownFileType = sourcecode.swift; path = StravaAPIHelper.swift; sourceTree = "<group>"; };
		407111B9200CFDC100530974 /* DataModel.swift */ = {isa = PBXFileReference; fileEncoding = 4; lastKnownFileType = sourcecode.swift; path = DataModel.swift; sourceTree = "<group>"; };
		407111BD200D04E900530974 /* onBoardingViewController.swift */ = {isa = PBXFileReference; lastKnownFileType = sourcecode.swift; path = onBoardingViewController.swift; sourceTree = "<group>"; };
		4072BE761FD579710004525E /* MapRoutesViewController.swift */ = {isa = PBXFileReference; lastKnownFileType = sourcecode.swift; path = MapRoutesViewController.swift; sourceTree = "<group>"; };
		40866E8E1F111FFD00778CCC /* StravaAuthViewController.swift */ = {isa = PBXFileReference; fileEncoding = 4; lastKnownFileType = sourcecode.swift; path = StravaAuthViewController.swift; sourceTree = "<group>"; };
		40866E911F11326200778CCC /* AdSupport.framework */ = {isa = PBXFileReference; lastKnownFileType = wrapper.framework; name = AdSupport.framework; path = System/Library/Frameworks/AdSupport.framework; sourceTree = SDKROOT; };
		409559811F135C9800050BDD /* SRTHelperFunctions.swift */ = {isa = PBXFileReference; lastKnownFileType = sourcecode.swift; path = SRTHelperFunctions.swift; sourceTree = "<group>"; };
		40AD0A411EAA21DB00E06958 /* RouteNavigationViewController.swift */ = {isa = PBXFileReference; fileEncoding = 4; lastKnownFileType = sourcecode.swift; path = RouteNavigationViewController.swift; sourceTree = "<group>"; };
		40BC517B1FDFD33900F180B2 /* RouteAnnotationView.swift */ = {isa = PBXFileReference; lastKnownFileType = sourcecode.swift; path = RouteAnnotationView.swift; sourceTree = "<group>"; };
		40BC517D1FDFDE2B00F180B2 /* Assets.xcassets */ = {isa = PBXFileReference; lastKnownFileType = folder.assetcatalog; path = Assets.xcassets; sourceTree = "<group>"; };
		40D8E7271FDACF050034590A /* RouteAnnotation.swift */ = {isa = PBXFileReference; lastKnownFileType = sourcecode.swift; path = RouteAnnotation.swift; sourceTree = "<group>"; };
		40EDDE6F1F129B6A0057EE65 /* RouteTableViewCell.swift */ = {isa = PBXFileReference; lastKnownFileType = sourcecode.swift; path = RouteTableViewCell.swift; sourceTree = "<group>"; };
		40EDDE701F129B6A0057EE65 /* RouteTableViewCell.xib */ = {isa = PBXFileReference; lastKnownFileType = file.xib; path = RouteTableViewCell.xib; sourceTree = "<group>"; };
		40F1AC651EBCE84C006CD74B /* StravaCoreDataHandler.swift */ = {isa = PBXFileReference; fileEncoding = 4; lastKnownFileType = sourcecode.swift; path = StravaCoreDataHandler.swift; sourceTree = "<group>"; };
		40F507B31F75515E00E6993C /* Strvroutewatchapp.app */ = {isa = PBXFileReference; explicitFileType = wrapper.application; includeInIndex = 0; path = Strvroutewatchapp.app; sourceTree = BUILT_PRODUCTS_DIR; };
		40F507B61F75515F00E6993C /* Base */ = {isa = PBXFileReference; lastKnownFileType = file.storyboard; name = Base; path = Base.lproj/Interface.storyboard; sourceTree = "<group>"; };
		40F507B81F75515F00E6993C /* Assets.xcassets */ = {isa = PBXFileReference; lastKnownFileType = folder.assetcatalog; path = Assets.xcassets; sourceTree = "<group>"; };
		40F507BA1F75515F00E6993C /* Info.plist */ = {isa = PBXFileReference; lastKnownFileType = text.plist.xml; path = Info.plist; sourceTree = "<group>"; };
		40F507BF1F75515F00E6993C /* Strvroutewatchapp Extension.appex */ = {isa = PBXFileReference; explicitFileType = "wrapper.app-extension"; includeInIndex = 0; path = "Strvroutewatchapp Extension.appex"; sourceTree = BUILT_PRODUCTS_DIR; };
		40F507C41F75515F00E6993C /* InterfaceController.swift */ = {isa = PBXFileReference; lastKnownFileType = sourcecode.swift; path = InterfaceController.swift; sourceTree = "<group>"; };
		40F507C61F75515F00E6993C /* ExtensionDelegate.swift */ = {isa = PBXFileReference; lastKnownFileType = sourcecode.swift; path = ExtensionDelegate.swift; sourceTree = "<group>"; };
		40F507C81F75515F00E6993C /* NotificationController.swift */ = {isa = PBXFileReference; lastKnownFileType = sourcecode.swift; path = NotificationController.swift; sourceTree = "<group>"; };
		40F507CA1F75515F00E6993C /* Assets.xcassets */ = {isa = PBXFileReference; lastKnownFileType = folder.assetcatalog; path = Assets.xcassets; sourceTree = "<group>"; };
		40F507CC1F75515F00E6993C /* Info.plist */ = {isa = PBXFileReference; lastKnownFileType = text.plist.xml; path = Info.plist; sourceTree = "<group>"; };
		40F507CD1F75515F00E6993C /* PushNotificationPayload.apns */ = {isa = PBXFileReference; lastKnownFileType = text; path = PushNotificationPayload.apns; sourceTree = "<group>"; };
		40FAFC8E1EABABA80002EDAC /* GoogleService-Info.plist */ = {isa = PBXFileReference; fileEncoding = 4; lastKnownFileType = text.plist.xml; path = "GoogleService-Info.plist"; sourceTree = "<group>"; };
		40FF5E432013772A00816EC0 /* CustomActivity.swift */ = {isa = PBXFileReference; lastKnownFileType = sourcecode.swift; path = CustomActivity.swift; sourceTree = "<group>"; };
		463FD9BD630C5A6AB65E7AFA /* Pods_RouteNav.framework */ = {isa = PBXFileReference; explicitFileType = wrapper.framework; includeInIndex = 0; path = Pods_RouteNav.framework; sourceTree = BUILT_PRODUCTS_DIR; };
		5FFF14E89AFA13351A594524 /* Pods-RouteNavUITests.debug.xcconfig */ = {isa = PBXFileReference; includeInIndex = 1; lastKnownFileType = text.xcconfig; name = "Pods-RouteNavUITests.debug.xcconfig"; path = "Pods/Target Support Files/Pods-RouteNavUITests/Pods-RouteNavUITests.debug.xcconfig"; sourceTree = "<group>"; };
		8A55D10F91BBF3379F99D6D4 /* Pods-RouteNavTests.debug.xcconfig */ = {isa = PBXFileReference; includeInIndex = 1; lastKnownFileType = text.xcconfig; name = "Pods-RouteNavTests.debug.xcconfig"; path = "Pods/Target Support Files/Pods-RouteNavTests/Pods-RouteNavTests.debug.xcconfig"; sourceTree = "<group>"; };
		A800AAA9C0CC634E0F9D58D5 /* Pods_RouteNavUITests.framework */ = {isa = PBXFileReference; explicitFileType = wrapper.framework; includeInIndex = 0; path = Pods_RouteNavUITests.framework; sourceTree = BUILT_PRODUCTS_DIR; };
		D4081F193694BD807CAC3693 /* Pods-RouteNav.release.xcconfig */ = {isa = PBXFileReference; includeInIndex = 1; lastKnownFileType = text.xcconfig; name = "Pods-RouteNav.release.xcconfig"; path = "Pods/Target Support Files/Pods-RouteNav/Pods-RouteNav.release.xcconfig"; sourceTree = "<group>"; };
/* End PBXFileReference section */

/* Begin PBXFrameworksBuildPhase section */
		403129531E431DF7004CA4F8 /* Frameworks */ = {
			isa = PBXFrameworksBuildPhase;
			buildActionMask = 2147483647;
			files = (
				40866E921F11326200778CCC /* AdSupport.framework in Frameworks */,
				400B6D431F32466D0094E76C /* MapKit.framework in Frameworks */,
				241154357B10F80B754F7A76 /* Pods_RouteNav.framework in Frameworks */,
			);
			runOnlyForDeploymentPostprocessing = 0;
		};
		40F507BC1F75515F00E6993C /* Frameworks */ = {
			isa = PBXFrameworksBuildPhase;
			buildActionMask = 2147483647;
			files = (
			);
			runOnlyForDeploymentPostprocessing = 0;
		};
		625FE31D7C9F291B5476777F /* Frameworks */ = {
			isa = PBXFrameworksBuildPhase;
			buildActionMask = 2147483647;
			files = (
			);
			runOnlyForDeploymentPostprocessing = 0;
		};
/* End PBXFrameworksBuildPhase section */

/* Begin PBXGroup section */
		400E09FC1E4350E900EE4118 /* Frameworks */ = {
			isa = PBXGroup;
			children = (
				400B6D421F32466D0094E76C /* MapKit.framework */,
				40866E911F11326200778CCC /* AdSupport.framework */,
				400E09FD1E4350E900EE4118 /* StravaSwift.framework */,
				463FD9BD630C5A6AB65E7AFA /* Pods_RouteNav.framework */,
				0CEE47B86ECFBD8FF7B2026D /* Pods_RouteNavTests.framework */,
				A800AAA9C0CC634E0F9D58D5 /* Pods_RouteNavUITests.framework */,
			);
			name = Frameworks;
			sourceTree = "<group>";
		};
		4031294D1E431DF7004CA4F8 = {
			isa = PBXGroup;
			children = (
				403129581E431DF7004CA4F8 /* RouteNav */,
				403129701E431DF7004CA4F8 /* RouteNavTests */,
				4031297B1E431DF7004CA4F8 /* RouteNavUITests */,
				40F507B41F75515F00E6993C /* Strvroutewatchapp */,
				40F507C31F75515F00E6993C /* Strvroutewatchapp Extension */,
				403129571E431DF7004CA4F8 /* Products */,
				400E09FC1E4350E900EE4118 /* Frameworks */,
				C0D918AD73888F1379816BE1 /* Pods */,
			);
			sourceTree = "<group>";
		};
		403129571E431DF7004CA4F8 /* Products */ = {
			isa = PBXGroup;
			children = (
				403129561E431DF7004CA4F8 /* STRVROUTE.app */,
				40F507B31F75515E00E6993C /* Strvroutewatchapp.app */,
				40F507BF1F75515F00E6993C /* Strvroutewatchapp Extension.appex */,
			);
			name = Products;
			sourceTree = "<group>";
		};
		403129581E431DF7004CA4F8 /* RouteNav */ = {
			isa = PBXGroup;
			children = (
				40FF5E422013770100816EC0 /* New Group */,
				407111BF200D058B00530974 /* onBoarding */,
				400EDFDA1F5360AB00E4BB62 /* Pugneys to Nostell.gpx */,
				403AF6681F7583EA00EF0A9D /* MapOverlay */,
				409559801F135C5900050BDD /* Common */,
				40EDDE731F129B770057EE65 /* TableView */,
				40B42AC31E7AC47200B8FA84 /* StravaAPI */,
				4031298C1E4320A6004CA4F8 /* Model */,
				4031298B1E432099004CA4F8 /* UI */,
				4031298A1E432078004CA4F8 /* ViewControllers */,
				403129591E431DF7004CA4F8 /* AppDelegate.swift */,
				40FAFC8E1EABABA80002EDAC /* GoogleService-Info.plist */,
				403129681E431DF7004CA4F8 /* Info.plist */,
				40BC517D1FDFDE2B00F180B2 /* Assets.xcassets */,
			);
			path = RouteNav;
			sourceTree = "<group>";
		};
		403129701E431DF7004CA4F8 /* RouteNavTests */ = {
			isa = PBXGroup;
			children = (
				403129711E431DF7004CA4F8 /* RouteNavTests.swift */,
				403129731E431DF7004CA4F8 /* Info.plist */,
			);
			path = RouteNavTests;
			sourceTree = "<group>";
		};
		4031297B1E431DF7004CA4F8 /* RouteNavUITests */ = {
			isa = PBXGroup;
			children = (
				4031297C1E431DF7004CA4F8 /* RouteNavUITests.swift */,
				4031297E1E431DF7004CA4F8 /* Info.plist */,
			);
			path = RouteNavUITests;
			sourceTree = "<group>";
		};
		4031298A1E432078004CA4F8 /* ViewControllers */ = {
			isa = PBXGroup;
			children = (
				40866E8E1F111FFD00778CCC /* StravaAuthViewController.swift */,
				4072BE761FD579710004525E /* MapRoutesViewController.swift */,
				40AD0A411EAA21DB00E06958 /* RouteNavigationViewController.swift */,
			);
			name = ViewControllers;
			sourceTree = "<group>";
		};
		4031298B1E432099004CA4F8 /* UI */ = {
			isa = PBXGroup;
			children = (
				4031295D1E431DF7004CA4F8 /* Main.storyboard */,
				403129651E431DF7004CA4F8 /* LaunchScreen.storyboard */,
			);
			name = UI;
			sourceTree = "<group>";
		};
		4031298C1E4320A6004CA4F8 /* Model */ = {
			isa = PBXGroup;
			children = (
				403129601E431DF7004CA4F8 /* RouteNav.xcdatamodeld */,
				40F1AC651EBCE84C006CD74B /* StravaCoreDataHandler.swift */,
			);
			name = Model;
			sourceTree = "<group>";
		};
		403AF6681F7583EA00EF0A9D /* MapOverlay */ = {
			isa = PBXGroup;
			children = (
				403AF66D1F75857900EF0A9D /* RoutePolyline.swift */,
				40D8E7271FDACF050034590A /* RouteAnnotation.swift */,
				40BC517B1FDFD33900F180B2 /* RouteAnnotationView.swift */,
			);
			name = MapOverlay;
			sourceTree = "<group>";
		};
		407111BF200D058B00530974 /* onBoarding */ = {
			isa = PBXGroup;
			children = (
				407111B9200CFDC100530974 /* DataModel.swift */,
				407111BD200D04E900530974 /* onBoardingViewController.swift */,
			);
			name = onBoarding;
			sourceTree = "<group>";
		};
		409559801F135C5900050BDD /* Common */ = {
			isa = PBXGroup;
			children = (
				409559811F135C9800050BDD /* SRTHelperFunctions.swift */,
			);
			path = Common;
			sourceTree = "<group>";
		};
		40B42AC31E7AC47200B8FA84 /* StravaAPI */ = {
			isa = PBXGroup;
			children = (
				405F31991E81B1890013457C /* StravaAPIHelper.swift */,
			);
			name = StravaAPI;
			sourceTree = "<group>";
		};
		40EDDE731F129B770057EE65 /* TableView */ = {
			isa = PBXGroup;
			children = (
				40EDDE6F1F129B6A0057EE65 /* RouteTableViewCell.swift */,
				40EDDE701F129B6A0057EE65 /* RouteTableViewCell.xib */,
			);
			path = TableView;
			sourceTree = "<group>";
		};
		40F507B41F75515F00E6993C /* Strvroutewatchapp */ = {
			isa = PBXGroup;
			children = (
				40F507B51F75515F00E6993C /* Interface.storyboard */,
				40F507B81F75515F00E6993C /* Assets.xcassets */,
				40F507BA1F75515F00E6993C /* Info.plist */,
			);
			path = Strvroutewatchapp;
			sourceTree = "<group>";
		};
		40F507C31F75515F00E6993C /* Strvroutewatchapp Extension */ = {
			isa = PBXGroup;
			children = (
				40F507C41F75515F00E6993C /* InterfaceController.swift */,
				40F507C61F75515F00E6993C /* ExtensionDelegate.swift */,
				40F507C81F75515F00E6993C /* NotificationController.swift */,
				40F507CA1F75515F00E6993C /* Assets.xcassets */,
				40F507CC1F75515F00E6993C /* Info.plist */,
				40F507CD1F75515F00E6993C /* PushNotificationPayload.apns */,
			);
			path = "Strvroutewatchapp Extension";
			sourceTree = "<group>";
		};
		40FF5E422013770100816EC0 /* New Group */ = {
			isa = PBXGroup;
			children = (
				40FF5E432013772A00816EC0 /* CustomActivity.swift */,
			);
			name = "New Group";
			sourceTree = "<group>";
		};
		C0D918AD73888F1379816BE1 /* Pods */ = {
			isa = PBXGroup;
			children = (
				19A519723F5F6F49D94DCBED /* Pods-RouteNav.debug.xcconfig */,
				D4081F193694BD807CAC3693 /* Pods-RouteNav.release.xcconfig */,
				8A55D10F91BBF3379F99D6D4 /* Pods-RouteNavTests.debug.xcconfig */,
				0932CDF291FA89229D4AED34 /* Pods-RouteNavTests.release.xcconfig */,
				5FFF14E89AFA13351A594524 /* Pods-RouteNavUITests.debug.xcconfig */,
				3CA5A0A26F8E9B16E90201EB /* Pods-RouteNavUITests.release.xcconfig */,
			);
			name = Pods;
			sourceTree = "<group>";
		};
/* End PBXGroup section */

/* Begin PBXNativeTarget section */
		403129551E431DF7004CA4F8 /* RouteNav */ = {
			isa = PBXNativeTarget;
			buildConfigurationList = 403129811E431DF7004CA4F8 /* Build configuration list for PBXNativeTarget "RouteNav" */;
			buildPhases = (
				1CAAE62232DB8B9E7AC96040 /* [CP] Check Pods Manifest.lock */,
				403129521E431DF7004CA4F8 /* Sources */,
				403129531E431DF7004CA4F8 /* Frameworks */,
				403129541E431DF7004CA4F8 /* Resources */,
				2FFB08F6332706F34BE51D47 /* [CP] Embed Pods Frameworks */,
				38563B5086B9E989CFE9A72F /* [CP] Copy Pods Resources */,
				40F507D81F75515F00E6993C /* Embed Watch Content */,
			);
			buildRules = (
			);
			dependencies = (
				40F507CF1F75515F00E6993C /* PBXTargetDependency */,
			);
			name = RouteNav;
			productName = RouteNav;
			productReference = 403129561E431DF7004CA4F8 /* STRVROUTE.app */;
			productType = "com.apple.product-type.application";
		};
		40F507B21F75515E00E6993C /* Strvroutewatchapp */ = {
			isa = PBXNativeTarget;
			buildConfigurationList = 40F507D51F75515F00E6993C /* Build configuration list for PBXNativeTarget "Strvroutewatchapp" */;
			buildPhases = (
				40F507B11F75515E00E6993C /* Resources */,
				40F507D41F75515F00E6993C /* Embed App Extensions */,
				625FE31D7C9F291B5476777F /* Frameworks */,
			);
			buildRules = (
			);
			dependencies = (
				40F507C21F75515F00E6993C /* PBXTargetDependency */,
			);
			name = Strvroutewatchapp;
			productName = Strvroutewatchapp;
			productReference = 40F507B31F75515E00E6993C /* Strvroutewatchapp.app */;
			productType = "com.apple.product-type.application.watchapp2";
		};
		40F507BE1F75515F00E6993C /* Strvroutewatchapp Extension */ = {
			isa = PBXNativeTarget;
			buildConfigurationList = 40F507D11F75515F00E6993C /* Build configuration list for PBXNativeTarget "Strvroutewatchapp Extension" */;
			buildPhases = (
				40F507BB1F75515F00E6993C /* Sources */,
				40F507BC1F75515F00E6993C /* Frameworks */,
				40F507BD1F75515F00E6993C /* Resources */,
			);
			buildRules = (
			);
			dependencies = (
			);
			name = "Strvroutewatchapp Extension";
			productName = "Strvroutewatchapp Extension";
			productReference = 40F507BF1F75515F00E6993C /* Strvroutewatchapp Extension.appex */;
			productType = "com.apple.product-type.watchkit2-extension";
		};
/* End PBXNativeTarget section */

/* Begin PBXProject section */
		4031294E1E431DF7004CA4F8 /* Project object */ = {
			isa = PBXProject;
			attributes = {
				LastSwiftUpdateCheck = 0900;
				LastUpgradeCheck = 0900;
				ORGANIZATIONNAME = "Andrew Donnelly";
				TargetAttributes = {
					403129551E431DF7004CA4F8 = {
						CreatedOnToolsVersion = 8.2.1;
						DevelopmentTeam = 4JYLXVYYFP;
						LastSwiftMigration = 0920;
						ProvisioningStyle = Automatic;
						SystemCapabilities = {
							com.apple.BackgroundModes = {
								enabled = 1;
							};
							com.apple.Maps.iOS = {
								enabled = 1;
							};
						};
					};
					40F507B21F75515E00E6993C = {
						CreatedOnToolsVersion = 9.0;
						DevelopmentTeam = 4JYLXVYYFP;
						ProvisioningStyle = Automatic;
					};
					40F507BE1F75515F00E6993C = {
						CreatedOnToolsVersion = 9.0;
						DevelopmentTeam = 4JYLXVYYFP;
						ProvisioningStyle = Automatic;
					};
				};
			};
			buildConfigurationList = 403129511E431DF7004CA4F8 /* Build configuration list for PBXProject "RouteNav" */;
			compatibilityVersion = "Xcode 3.2";
			developmentRegion = English;
			hasScannedForEncodings = 0;
			knownRegions = (
				en,
				Base,
			);
			mainGroup = 4031294D1E431DF7004CA4F8;
			productRefGroup = 403129571E431DF7004CA4F8 /* Products */;
			projectDirPath = "";
			projectRoot = "";
			targets = (
				403129551E431DF7004CA4F8 /* RouteNav */,
				40F507B21F75515E00E6993C /* Strvroutewatchapp */,
				40F507BE1F75515F00E6993C /* Strvroutewatchapp Extension */,
			);
		};
/* End PBXProject section */

/* Begin PBXResourcesBuildPhase section */
		403129541E431DF7004CA4F8 /* Resources */ = {
			isa = PBXResourcesBuildPhase;
			buildActionMask = 2147483647;
			files = (
				403129671E431DF7004CA4F8 /* LaunchScreen.storyboard in Resources */,
				40FAFC8F1EABABA80002EDAC /* GoogleService-Info.plist in Resources */,
				4031295F1E431DF7004CA4F8 /* Main.storyboard in Resources */,
				40EDDE721F129B6A0057EE65 /* RouteTableViewCell.xib in Resources */,
				40BC517E1FDFDE2B00F180B2 /* Assets.xcassets in Resources */,
			);
			runOnlyForDeploymentPostprocessing = 0;
		};
		40F507B11F75515E00E6993C /* Resources */ = {
			isa = PBXResourcesBuildPhase;
			buildActionMask = 2147483647;
			files = (
				40F507B91F75515F00E6993C /* Assets.xcassets in Resources */,
				40F507B71F75515F00E6993C /* Interface.storyboard in Resources */,
			);
			runOnlyForDeploymentPostprocessing = 0;
		};
		40F507BD1F75515F00E6993C /* Resources */ = {
			isa = PBXResourcesBuildPhase;
			buildActionMask = 2147483647;
			files = (
				40F507CB1F75515F00E6993C /* Assets.xcassets in Resources */,
			);
			runOnlyForDeploymentPostprocessing = 0;
		};
/* End PBXResourcesBuildPhase section */

/* Begin PBXShellScriptBuildPhase section */
		1CAAE62232DB8B9E7AC96040 /* [CP] Check Pods Manifest.lock */ = {
			isa = PBXShellScriptBuildPhase;
			buildActionMask = 2147483647;
			files = (
			);
			inputPaths = (
				"${PODS_PODFILE_DIR_PATH}/Podfile.lock",
				"${PODS_ROOT}/Manifest.lock",
			);
			name = "[CP] Check Pods Manifest.lock";
			outputPaths = (
				"$(DERIVED_FILE_DIR)/Pods-RouteNav-checkManifestLockResult.txt",
			);
			runOnlyForDeploymentPostprocessing = 0;
			shellPath = /bin/sh;
			shellScript = "diff \"${PODS_PODFILE_DIR_PATH}/Podfile.lock\" \"${PODS_ROOT}/Manifest.lock\" > /dev/null\nif [ $? != 0 ] ; then\n    # print error to STDERR\n    echo \"error: The sandbox is not in sync with the Podfile.lock. Run 'pod install' or update your CocoaPods installation.\" >&2\n    exit 1\nfi\n# This output is used by Xcode 'outputs' to avoid re-running this script phase.\necho \"SUCCESS\" > \"${SCRIPT_OUTPUT_FILE_0}\"\n";
			showEnvVarsInLog = 0;
		};
		2FFB08F6332706F34BE51D47 /* [CP] Embed Pods Frameworks */ = {
			isa = PBXShellScriptBuildPhase;
			buildActionMask = 2147483647;
			files = (
			);
			inputPaths = (
				"${SRCROOT}/Pods/Target Support Files/Pods-RouteNav/Pods-RouteNav-frameworks.sh",
				"${BUILT_PRODUCTS_DIR}/GoogleToolboxForMac/GoogleToolboxForMac.framework",
				"${BUILT_PRODUCTS_DIR}/OnboardingKit/OnboardingKit.framework",
			);
			name = "[CP] Embed Pods Frameworks";
			outputPaths = (
				"${TARGET_BUILD_DIR}/${FRAMEWORKS_FOLDER_PATH}/GoogleToolboxForMac.framework",
				"${TARGET_BUILD_DIR}/${FRAMEWORKS_FOLDER_PATH}/OnboardingKit.framework",
			);
			runOnlyForDeploymentPostprocessing = 0;
			shellPath = /bin/sh;
			shellScript = "\"${SRCROOT}/Pods/Target Support Files/Pods-RouteNav/Pods-RouteNav-frameworks.sh\"\n";
			showEnvVarsInLog = 0;
		};
		38563B5086B9E989CFE9A72F /* [CP] Copy Pods Resources */ = {
			isa = PBXShellScriptBuildPhase;
			buildActionMask = 2147483647;
			files = (
			);
			inputPaths = (
			);
			name = "[CP] Copy Pods Resources";
			outputPaths = (
			);
			runOnlyForDeploymentPostprocessing = 0;
			shellPath = /bin/sh;
			shellScript = "\"${SRCROOT}/Pods/Target Support Files/Pods-RouteNav/Pods-RouteNav-resources.sh\"\n";
			showEnvVarsInLog = 0;
		};
/* End PBXShellScriptBuildPhase section */

/* Begin PBXSourcesBuildPhase section */
		403129521E431DF7004CA4F8 /* Sources */ = {
			isa = PBXSourcesBuildPhase;
			buildActionMask = 2147483647;
			files = (
				40FF5E442013772A00816EC0 /* CustomActivity.swift in Sources */,
				40AD0A421EAA21DB00E06958 /* RouteNavigationViewController.swift in Sources */,
				40BC517C1FDFD33900F180B2 /* RouteAnnotationView.swift in Sources */,
				405F319A1E81B1890013457C /* StravaAPIHelper.swift in Sources */,
				40F1AC661EBCE84C006CD74B /* StravaCoreDataHandler.swift in Sources */,
				4072BE771FD579710004525E /* MapRoutesViewController.swift in Sources */,
				40866E8F1F111FFD00778CCC /* StravaAuthViewController.swift in Sources */,
				407111BA200CFDC100530974 /* DataModel.swift in Sources */,
				40EDDE711F129B6A0057EE65 /* RouteTableViewCell.swift in Sources */,
				409559821F135C9800050BDD /* SRTHelperFunctions.swift in Sources */,
				403AF66E1F75857900EF0A9D /* RoutePolyline.swift in Sources */,
				403129621E431DF7004CA4F8 /* RouteNav.xcdatamodeld in Sources */,
				407111BE200D04E900530974 /* onBoardingViewController.swift in Sources */,
				40D8E7281FDACF050034590A /* RouteAnnotation.swift in Sources */,
				4031295A1E431DF7004CA4F8 /* AppDelegate.swift in Sources */,
			);
			runOnlyForDeploymentPostprocessing = 0;
		};
		40F507BB1F75515F00E6993C /* Sources */ = {
			isa = PBXSourcesBuildPhase;
			buildActionMask = 2147483647;
			files = (
				40F507C91F75515F00E6993C /* NotificationController.swift in Sources */,
				40F507C71F75515F00E6993C /* ExtensionDelegate.swift in Sources */,
				40F507C51F75515F00E6993C /* InterfaceController.swift in Sources */,
			);
			runOnlyForDeploymentPostprocessing = 0;
		};
/* End PBXSourcesBuildPhase section */

/* Begin PBXTargetDependency section */
		40F507C21F75515F00E6993C /* PBXTargetDependency */ = {
			isa = PBXTargetDependency;
			target = 40F507BE1F75515F00E6993C /* Strvroutewatchapp Extension */;
			targetProxy = 40F507C11F75515F00E6993C /* PBXContainerItemProxy */;
		};
		40F507CF1F75515F00E6993C /* PBXTargetDependency */ = {
			isa = PBXTargetDependency;
			target = 40F507B21F75515E00E6993C /* Strvroutewatchapp */;
			targetProxy = 40F507CE1F75515F00E6993C /* PBXContainerItemProxy */;
		};
/* End PBXTargetDependency section */

/* Begin PBXVariantGroup section */
		4031295D1E431DF7004CA4F8 /* Main.storyboard */ = {
			isa = PBXVariantGroup;
			children = (
				4031295E1E431DF7004CA4F8 /* Base */,
			);
			name = Main.storyboard;
			sourceTree = "<group>";
		};
		403129651E431DF7004CA4F8 /* LaunchScreen.storyboard */ = {
			isa = PBXVariantGroup;
			children = (
				403129661E431DF7004CA4F8 /* Base */,
			);
			name = LaunchScreen.storyboard;
			sourceTree = "<group>";
		};
		40F507B51F75515F00E6993C /* Interface.storyboard */ = {
			isa = PBXVariantGroup;
			children = (
				40F507B61F75515F00E6993C /* Base */,
			);
			name = Interface.storyboard;
			sourceTree = "<group>";
		};
/* End PBXVariantGroup section */

/* Begin XCBuildConfiguration section */
		4031297F1E431DF7004CA4F8 /* Debug */ = {
			isa = XCBuildConfiguration;
			buildSettings = {
				ALWAYS_SEARCH_USER_PATHS = NO;
				CLANG_ANALYZER_NONNULL = YES;
				CLANG_CXX_LANGUAGE_STANDARD = "gnu++0x";
				CLANG_CXX_LIBRARY = "libc++";
				CLANG_ENABLE_MODULES = YES;
				CLANG_ENABLE_OBJC_ARC = YES;
				CLANG_WARN_BLOCK_CAPTURE_AUTORELEASING = YES;
				CLANG_WARN_BOOL_CONVERSION = YES;
				CLANG_WARN_COMMA = YES;
				CLANG_WARN_CONSTANT_CONVERSION = YES;
				CLANG_WARN_DIRECT_OBJC_ISA_USAGE = YES_ERROR;
				CLANG_WARN_DOCUMENTATION_COMMENTS = YES;
				CLANG_WARN_EMPTY_BODY = YES;
				CLANG_WARN_ENUM_CONVERSION = YES;
				CLANG_WARN_INFINITE_RECURSION = YES;
				CLANG_WARN_INT_CONVERSION = YES;
				CLANG_WARN_NON_LITERAL_NULL_CONVERSION = YES;
				CLANG_WARN_OBJC_LITERAL_CONVERSION = YES;
				CLANG_WARN_OBJC_ROOT_CLASS = YES_ERROR;
				CLANG_WARN_RANGE_LOOP_ANALYSIS = YES;
				CLANG_WARN_STRICT_PROTOTYPES = YES;
				CLANG_WARN_SUSPICIOUS_MOVE = YES;
				CLANG_WARN_UNREACHABLE_CODE = YES;
				CLANG_WARN__DUPLICATE_METHOD_MATCH = YES;
				"CODE_SIGN_IDENTITY[sdk=iphoneos*]" = "iPhone Developer";
				COPY_PHASE_STRIP = NO;
				DEBUG_INFORMATION_FORMAT = dwarf;
				ENABLE_STRICT_OBJC_MSGSEND = YES;
				ENABLE_TESTABILITY = YES;
				GCC_C_LANGUAGE_STANDARD = gnu99;
				GCC_DYNAMIC_NO_PIC = NO;
				GCC_NO_COMMON_BLOCKS = YES;
				GCC_OPTIMIZATION_LEVEL = 0;
				GCC_PREPROCESSOR_DEFINITIONS = (
					"DEBUG=1",
					"$(inherited)",
				);
				GCC_WARN_64_TO_32_BIT_CONVERSION = YES;
				GCC_WARN_ABOUT_RETURN_TYPE = YES_ERROR;
				GCC_WARN_UNDECLARED_SELECTOR = YES;
				GCC_WARN_UNINITIALIZED_AUTOS = YES_AGGRESSIVE;
				GCC_WARN_UNUSED_FUNCTION = YES;
				GCC_WARN_UNUSED_VARIABLE = YES;
				IPHONEOS_DEPLOYMENT_TARGET = 11.0;
				MTL_ENABLE_DEBUG_INFO = YES;
				ONLY_ACTIVE_ARCH = YES;
				SDKROOT = iphoneos;
				SWIFT_ACTIVE_COMPILATION_CONDITIONS = DEBUG;
				SWIFT_OPTIMIZATION_LEVEL = "-Onone";
				SWIFT_VERSION = 3.0;
			};
			name = Debug;
		};
		403129801E431DF7004CA4F8 /* Release */ = {
			isa = XCBuildConfiguration;
			buildSettings = {
				ALWAYS_SEARCH_USER_PATHS = NO;
				CLANG_ANALYZER_NONNULL = YES;
				CLANG_CXX_LANGUAGE_STANDARD = "gnu++0x";
				CLANG_CXX_LIBRARY = "libc++";
				CLANG_ENABLE_MODULES = YES;
				CLANG_ENABLE_OBJC_ARC = YES;
				CLANG_WARN_BLOCK_CAPTURE_AUTORELEASING = YES;
				CLANG_WARN_BOOL_CONVERSION = YES;
				CLANG_WARN_COMMA = YES;
				CLANG_WARN_CONSTANT_CONVERSION = YES;
				CLANG_WARN_DIRECT_OBJC_ISA_USAGE = YES_ERROR;
				CLANG_WARN_DOCUMENTATION_COMMENTS = YES;
				CLANG_WARN_EMPTY_BODY = YES;
				CLANG_WARN_ENUM_CONVERSION = YES;
				CLANG_WARN_INFINITE_RECURSION = YES;
				CLANG_WARN_INT_CONVERSION = YES;
				CLANG_WARN_NON_LITERAL_NULL_CONVERSION = YES;
				CLANG_WARN_OBJC_LITERAL_CONVERSION = YES;
				CLANG_WARN_OBJC_ROOT_CLASS = YES_ERROR;
				CLANG_WARN_RANGE_LOOP_ANALYSIS = YES;
				CLANG_WARN_STRICT_PROTOTYPES = YES;
				CLANG_WARN_SUSPICIOUS_MOVE = YES;
				CLANG_WARN_UNREACHABLE_CODE = YES;
				CLANG_WARN__DUPLICATE_METHOD_MATCH = YES;
				"CODE_SIGN_IDENTITY[sdk=iphoneos*]" = "iPhone Developer";
				COPY_PHASE_STRIP = NO;
				DEBUG_INFORMATION_FORMAT = "dwarf-with-dsym";
				ENABLE_NS_ASSERTIONS = NO;
				ENABLE_STRICT_OBJC_MSGSEND = YES;
				GCC_C_LANGUAGE_STANDARD = gnu99;
				GCC_NO_COMMON_BLOCKS = YES;
				GCC_WARN_64_TO_32_BIT_CONVERSION = YES;
				GCC_WARN_ABOUT_RETURN_TYPE = YES_ERROR;
				GCC_WARN_UNDECLARED_SELECTOR = YES;
				GCC_WARN_UNINITIALIZED_AUTOS = YES_AGGRESSIVE;
				GCC_WARN_UNUSED_FUNCTION = YES;
				GCC_WARN_UNUSED_VARIABLE = YES;
				IPHONEOS_DEPLOYMENT_TARGET = 11.0;
				MTL_ENABLE_DEBUG_INFO = NO;
				SDKROOT = iphoneos;
				SWIFT_OPTIMIZATION_LEVEL = "-Owholemodule";
				SWIFT_VERSION = 3.0;
				VALIDATE_PRODUCT = YES;
			};
			name = Release;
		};
		403129821E431DF7004CA4F8 /* Debug */ = {
			isa = XCBuildConfiguration;
			baseConfigurationReference = 19A519723F5F6F49D94DCBED /* Pods-RouteNav.debug.xcconfig */;
			buildSettings = {
				ASSETCATALOG_COMPILER_APPICON_NAME = AppIcon;
				DEVELOPMENT_TEAM = 4JYLXVYYFP;
				INFOPLIST_FILE = RouteNav/Info.plist;
				IPHONEOS_DEPLOYMENT_TARGET = 11.0;
				LD_RUNPATH_SEARCH_PATHS = "$(inherited) @executable_path/Frameworks";
				PRODUCT_BUNDLE_IDENTIFIER = uk.co.dinalli.STRVROUTE;
				PRODUCT_NAME = STRVROUTE;
				SWIFT_SWIFT3_OBJC_INFERENCE = On;
				SWIFT_VERSION = 4.0;
			};
			name = Debug;
		};
		403129831E431DF7004CA4F8 /* Release */ = {
			isa = XCBuildConfiguration;
			baseConfigurationReference = D4081F193694BD807CAC3693 /* Pods-RouteNav.release.xcconfig */;
			buildSettings = {
				ASSETCATALOG_COMPILER_APPICON_NAME = AppIcon;
				DEVELOPMENT_TEAM = 4JYLXVYYFP;
				INFOPLIST_FILE = RouteNav/Info.plist;
				IPHONEOS_DEPLOYMENT_TARGET = 11.0;
				LD_RUNPATH_SEARCH_PATHS = "$(inherited) @executable_path/Frameworks";
				PRODUCT_BUNDLE_IDENTIFIER = uk.co.dinalli.STRVROUTE;
				PRODUCT_NAME = STRVROUTE;
				SWIFT_SWIFT3_OBJC_INFERENCE = On;
				SWIFT_VERSION = 4.0;
			};
			name = Release;
		};
		40F507D21F75515F00E6993C /* Debug */ = {
			isa = XCBuildConfiguration;
			buildSettings = {
				ASSETCATALOG_COMPILER_COMPLICATION_NAME = Complication;
				CLANG_ANALYZER_NUMBER_OBJECT_CONVERSION = YES_AGGRESSIVE;
				CLANG_CXX_LANGUAGE_STANDARD = "gnu++14";
				CLANG_WARN_UNGUARDED_AVAILABILITY = YES_AGGRESSIVE;
				CODE_SIGN_STYLE = Automatic;
				DEVELOPMENT_TEAM = 4JYLXVYYFP;
				GCC_C_LANGUAGE_STANDARD = gnu11;
				INFOPLIST_FILE = "Strvroutewatchapp Extension/Info.plist";
				LD_RUNPATH_SEARCH_PATHS = "$(inherited) @executable_path/Frameworks @executable_path/../../Frameworks";
				PRODUCT_BUNDLE_IDENTIFIER = uk.co.dinalli.STRVROUTE.watchkitapp.watchkitextension;
				PRODUCT_NAME = "${TARGET_NAME}";
				SDKROOT = watchos;
				SKIP_INSTALL = YES;
				SWIFT_VERSION = 4.0;
				TARGETED_DEVICE_FAMILY = 4;
				WATCHOS_DEPLOYMENT_TARGET = 4.0;
			};
			name = Debug;
		};
		40F507D31F75515F00E6993C /* Release */ = {
			isa = XCBuildConfiguration;
			buildSettings = {
				ASSETCATALOG_COMPILER_COMPLICATION_NAME = Complication;
				CLANG_ANALYZER_NUMBER_OBJECT_CONVERSION = YES_AGGRESSIVE;
				CLANG_CXX_LANGUAGE_STANDARD = "gnu++14";
				CLANG_WARN_UNGUARDED_AVAILABILITY = YES_AGGRESSIVE;
				CODE_SIGN_STYLE = Automatic;
				DEVELOPMENT_TEAM = 4JYLXVYYFP;
				GCC_C_LANGUAGE_STANDARD = gnu11;
				INFOPLIST_FILE = "Strvroutewatchapp Extension/Info.plist";
				LD_RUNPATH_SEARCH_PATHS = "$(inherited) @executable_path/Frameworks @executable_path/../../Frameworks";
				PRODUCT_BUNDLE_IDENTIFIER = uk.co.dinalli.STRVROUTE.watchkitapp.watchkitextension;
				PRODUCT_NAME = "${TARGET_NAME}";
				SDKROOT = watchos;
				SKIP_INSTALL = YES;
				SWIFT_VERSION = 4.0;
				TARGETED_DEVICE_FAMILY = 4;
				WATCHOS_DEPLOYMENT_TARGET = 4.0;
			};
			name = Release;
		};
		40F507D61F75515F00E6993C /* Debug */ = {
			isa = XCBuildConfiguration;
			buildSettings = {
				ALWAYS_EMBED_SWIFT_STANDARD_LIBRARIES = YES;
				ASSETCATALOG_COMPILER_APPICON_NAME = AppIcon;
				CLANG_ANALYZER_NUMBER_OBJECT_CONVERSION = YES_AGGRESSIVE;
				CLANG_CXX_LANGUAGE_STANDARD = "gnu++14";
				CLANG_WARN_UNGUARDED_AVAILABILITY = YES_AGGRESSIVE;
				CODE_SIGN_STYLE = Automatic;
				DEVELOPMENT_TEAM = 4JYLXVYYFP;
				GCC_C_LANGUAGE_STANDARD = gnu11;
				IBSC_MODULE = Strvroutewatchapp_Extension;
				INFOPLIST_FILE = Strvroutewatchapp/Info.plist;
				PRODUCT_BUNDLE_IDENTIFIER = uk.co.dinalli.STRVROUTE.watchkitapp;
				PRODUCT_NAME = "$(TARGET_NAME)";
				SDKROOT = watchos;
				SKIP_INSTALL = YES;
				SWIFT_VERSION = 4.0;
				TARGETED_DEVICE_FAMILY = 4;
				WATCHOS_DEPLOYMENT_TARGET = 4.0;
			};
			name = Debug;
		};
		40F507D71F75515F00E6993C /* Release */ = {
			isa = XCBuildConfiguration;
			buildSettings = {
				ALWAYS_EMBED_SWIFT_STANDARD_LIBRARIES = YES;
				ASSETCATALOG_COMPILER_APPICON_NAME = AppIcon;
				CLANG_ANALYZER_NUMBER_OBJECT_CONVERSION = YES_AGGRESSIVE;
				CLANG_CXX_LANGUAGE_STANDARD = "gnu++14";
				CLANG_WARN_UNGUARDED_AVAILABILITY = YES_AGGRESSIVE;
				CODE_SIGN_STYLE = Automatic;
				DEVELOPMENT_TEAM = 4JYLXVYYFP;
				GCC_C_LANGUAGE_STANDARD = gnu11;
				IBSC_MODULE = Strvroutewatchapp_Extension;
				INFOPLIST_FILE = Strvroutewatchapp/Info.plist;
				PRODUCT_BUNDLE_IDENTIFIER = uk.co.dinalli.STRVROUTE.watchkitapp;
				PRODUCT_NAME = "$(TARGET_NAME)";
				SDKROOT = watchos;
				SKIP_INSTALL = YES;
				SWIFT_VERSION = 4.0;
				TARGETED_DEVICE_FAMILY = 4;
				WATCHOS_DEPLOYMENT_TARGET = 4.0;
			};
			name = Release;
		};
/* End XCBuildConfiguration section */

/* Begin XCConfigurationList section */
		403129511E431DF7004CA4F8 /* Build configuration list for PBXProject "RouteNav" */ = {
			isa = XCConfigurationList;
			buildConfigurations = (
				4031297F1E431DF7004CA4F8 /* Debug */,
				403129801E431DF7004CA4F8 /* Release */,
			);
			defaultConfigurationIsVisible = 0;
			defaultConfigurationName = Release;
		};
		403129811E431DF7004CA4F8 /* Build configuration list for PBXNativeTarget "RouteNav" */ = {
			isa = XCConfigurationList;
			buildConfigurations = (
				403129821E431DF7004CA4F8 /* Debug */,
				403129831E431DF7004CA4F8 /* Release */,
			);
			defaultConfigurationIsVisible = 0;
			defaultConfigurationName = Release;
		};
		40F507D11F75515F00E6993C /* Build configuration list for PBXNativeTarget "Strvroutewatchapp Extension" */ = {
			isa = XCConfigurationList;
			buildConfigurations = (
				40F507D21F75515F00E6993C /* Debug */,
				40F507D31F75515F00E6993C /* Release */,
			);
			defaultConfigurationIsVisible = 0;
			defaultConfigurationName = Release;
		};
		40F507D51F75515F00E6993C /* Build configuration list for PBXNativeTarget "Strvroutewatchapp" */ = {
			isa = XCConfigurationList;
			buildConfigurations = (
				40F507D61F75515F00E6993C /* Debug */,
				40F507D71F75515F00E6993C /* Release */,
			);
			defaultConfigurationIsVisible = 0;
			defaultConfigurationName = Release;
		};
/* End XCConfigurationList section */

/* Begin XCVersionGroup section */
		403129601E431DF7004CA4F8 /* RouteNav.xcdatamodeld */ = {
			isa = XCVersionGroup;
			children = (
				403129611E431DF7004CA4F8 /* RouteNav.xcdatamodel */,
			);
			currentVersion = 403129611E431DF7004CA4F8 /* RouteNav.xcdatamodel */;
			path = RouteNav.xcdatamodeld;
			sourceTree = "<group>";
			versionGroupType = wrapper.xcdatamodel;
		};
/* End XCVersionGroup section */
	};
	rootObject = 4031294E1E431DF7004CA4F8 /* Project object */;
}
