// !$*UTF8*$!
{
	archiveVersion = 1;
	classes = {
	};
	objectVersion = 46;
	objects = {

/* Begin PBXBuildFile section */
		241154357B10F80B754F7A76 /* Pods_RouteNav.framework in Frameworks */ = {isa = PBXBuildFile; fileRef = 463FD9BD630C5A6AB65E7AFA /* Pods_RouteNav.framework */; };
		400B6D431F32466D0094E76C /* MapKit.framework in Frameworks */ = {isa = PBXBuildFile; fileRef = 400B6D421F32466D0094E76C /* MapKit.framework */; };
		401278F7205D746E005440A4 /* CLLocationExtension.swift in Sources */ = {isa = PBXBuildFile; fileRef = 401278F6205D746E005440A4 /* CLLocationExtension.swift */; };
		401278F9205D74F9005440A4 /* DoubleExtension.swift in Sources */ = {isa = PBXBuildFile; fileRef = 401278F8205D74F9005440A4 /* DoubleExtension.swift */; };
		4031295A1E431DF7004CA4F8 /* AppDelegate.swift in Sources */ = {isa = PBXBuildFile; fileRef = 403129591E431DF7004CA4F8 /* AppDelegate.swift */; };
		4031295F1E431DF7004CA4F8 /* Main.storyboard in Resources */ = {isa = PBXBuildFile; fileRef = 4031295D1E431DF7004CA4F8 /* Main.storyboard */; };
		403129621E431DF7004CA4F8 /* RouteNav.xcdatamodeld in Sources */ = {isa = PBXBuildFile; fileRef = 403129601E431DF7004CA4F8 /* RouteNav.xcdatamodeld */; };
		403129671E431DF7004CA4F8 /* LaunchScreen.storyboard in Resources */ = {isa = PBXBuildFile; fileRef = 403129651E431DF7004CA4F8 /* LaunchScreen.storyboard */; };
		403AF66E1F75857900EF0A9D /* RoutePolyline.swift in Sources */ = {isa = PBXBuildFile; fileRef = 403AF66D1F75857900EF0A9D /* RoutePolyline.swift */; };
		405F319A1E81B1890013457C /* StravaAPIHelper.swift in Sources */ = {isa = PBXBuildFile; fileRef = 405F31991E81B1890013457C /* StravaAPIHelper.swift */; };
		407111BA200CFDC100530974 /* DataModel.swift in Sources */ = {isa = PBXBuildFile; fileRef = 407111B9200CFDC100530974 /* DataModel.swift */; };
		407111BE200D04E900530974 /* OnBoardingViewController.swift in Sources */ = {isa = PBXBuildFile; fileRef = 407111BD200D04E900530974 /* OnBoardingViewController.swift */; };
		4072BE771FD579710004525E /* RoutesViewController.swift in Sources */ = {isa = PBXBuildFile; fileRef = 4072BE761FD579710004525E /* RoutesViewController.swift */; };
		4072C094203975E800EB7E5E /* RouteCollectionViewCell.swift in Sources */ = {isa = PBXBuildFile; fileRef = 4072C092203975E800EB7E5E /* RouteCollectionViewCell.swift */; };
		4072C095203975E800EB7E5E /* RouteCollectionViewCell.xib in Resources */ = {isa = PBXBuildFile; fileRef = 4072C093203975E800EB7E5E /* RouteCollectionViewCell.xib */; };
		40866E8F1F111FFD00778CCC /* StravaAuthViewController.swift in Sources */ = {isa = PBXBuildFile; fileRef = 40866E8E1F111FFD00778CCC /* StravaAuthViewController.swift */; };
		40866E921F11326200778CCC /* AdSupport.framework in Frameworks */ = {isa = PBXBuildFile; fileRef = 40866E911F11326200778CCC /* AdSupport.framework */; };
		409559821F135C9800050BDD /* SRTHelperFunctions.swift in Sources */ = {isa = PBXBuildFile; fileRef = 409559811F135C9800050BDD /* SRTHelperFunctions.swift */; };
		409CA46A204883EB00874BC9 /* UIImageViewExtension.swift in Sources */ = {isa = PBXBuildFile; fileRef = 409CA469204883EB00874BC9 /* UIImageViewExtension.swift */; };
		40AD0A421EAA21DB00E06958 /* RouteNavigationViewController.swift in Sources */ = {isa = PBXBuildFile; fileRef = 40AD0A411EAA21DB00E06958 /* RouteNavigationViewController.swift */; };
		40BC517C1FDFD33900F180B2 /* RouteAnnotationView.swift in Sources */ = {isa = PBXBuildFile; fileRef = 40BC517B1FDFD33900F180B2 /* RouteAnnotationView.swift */; };
		40BE764220264DAD00132D9A /* MapPullUpViewController.swift in Sources */ = {isa = PBXBuildFile; fileRef = 40BE764020264DAD00132D9A /* MapPullUpViewController.swift */; };
		40BE764320264DAD00132D9A /* MapPullUpViewController.xib in Resources */ = {isa = PBXBuildFile; fileRef = 40BE764120264DAD00132D9A /* MapPullUpViewController.xib */; };
		40BE764520265BB400132D9A /* MapPullUpDelegate.swift in Sources */ = {isa = PBXBuildFile; fileRef = 40BE764420265BB400132D9A /* MapPullUpDelegate.swift */; };
		40D8E7281FDACF050034590A /* RouteAnnotation.swift in Sources */ = {isa = PBXBuildFile; fileRef = 40D8E7271FDACF050034590A /* RouteAnnotation.swift */; };
		40F1AC661EBCE84C006CD74B /* StravaCoreDataHandler.swift in Sources */ = {isa = PBXBuildFile; fileRef = 40F1AC651EBCE84C006CD74B /* StravaCoreDataHandler.swift */; };
		40FAFC8F1EABABA80002EDAC /* GoogleService-Info.plist in Resources */ = {isa = PBXBuildFile; fileRef = 40FAFC8E1EABABA80002EDAC /* GoogleService-Info.plist */; };
		40FF5E442013772A00816EC0 /* CustomActivity.swift in Sources */ = {isa = PBXBuildFile; fileRef = 40FF5E432013772A00816EC0 /* CustomActivity.swift */; };
		40FF5E4720139EA100816EC0 /* Assets.xcassets in Resources */ = {isa = PBXBuildFile; fileRef = 40FF5E4620139EA100816EC0 /* Assets.xcassets */; };
/* End PBXBuildFile section */

/* Begin PBXCopyFilesBuildPhase section */
		40F507D81F75515F00E6993C /* Embed Watch Content */ = {
			isa = PBXCopyFilesBuildPhase;
			buildActionMask = 2147483647;
			dstPath = "$(CONTENTS_FOLDER_PATH)/Watch";
			dstSubfolderSpec = 16;
			files = (
			);
			name = "Embed Watch Content";
			runOnlyForDeploymentPostprocessing = 0;
		};
/* End PBXCopyFilesBuildPhase section */

/* Begin PBXFileReference section */
		0CEE47B86ECFBD8FF7B2026D /* Pods_RouteNavTests.framework */ = {isa = PBXFileReference; explicitFileType = wrapper.framework; includeInIndex = 0; path = Pods_RouteNavTests.framework; sourceTree = BUILT_PRODUCTS_DIR; };
		19A519723F5F6F49D94DCBED /* Pods-RouteNav.debug.xcconfig */ = {isa = PBXFileReference; includeInIndex = 1; lastKnownFileType = text.xcconfig; name = "Pods-RouteNav.debug.xcconfig"; path = "Pods/Target Support Files/Pods-RouteNav/Pods-RouteNav.debug.xcconfig"; sourceTree = "<group>"; };
		40040E6D2014F84000193FE4 /* RouteNav.entitlements */ = {isa = PBXFileReference; lastKnownFileType = text.plist.entitlements; path = RouteNav.entitlements; sourceTree = "<group>"; };
		400B6D421F32466D0094E76C /* MapKit.framework */ = {isa = PBXFileReference; lastKnownFileType = wrapper.framework; name = MapKit.framework; path = System/Library/Frameworks/MapKit.framework; sourceTree = SDKROOT; };
		400E09FD1E4350E900EE4118 /* StravaSwift.framework */ = {isa = PBXFileReference; lastKnownFileType = wrapper.framework; name = StravaSwift.framework; path = "../StravaSwift/build/Debug-iphoneos/StravaSwift.framework"; sourceTree = "<group>"; };
		400EDFDA1F5360AB00E4BB62 /* Pugneys to Nostell.gpx */ = {isa = PBXFileReference; lastKnownFileType = text.xml; path = "Pugneys to Nostell.gpx"; sourceTree = "<group>"; };
		401278F6205D746E005440A4 /* CLLocationExtension.swift */ = {isa = PBXFileReference; lastKnownFileType = sourcecode.swift; path = CLLocationExtension.swift; sourceTree = "<group>"; };
		401278F8205D74F9005440A4 /* DoubleExtension.swift */ = {isa = PBXFileReference; lastKnownFileType = sourcecode.swift; path = DoubleExtension.swift; sourceTree = "<group>"; };
		403129561E431DF7004CA4F8 /* RouteNav.app */ = {isa = PBXFileReference; explicitFileType = wrapper.application; includeInIndex = 0; path = RouteNav.app; sourceTree = BUILT_PRODUCTS_DIR; };
		403129591E431DF7004CA4F8 /* AppDelegate.swift */ = {isa = PBXFileReference; lastKnownFileType = sourcecode.swift; path = AppDelegate.swift; sourceTree = "<group>"; };
		4031295E1E431DF7004CA4F8 /* Base */ = {isa = PBXFileReference; lastKnownFileType = file.storyboard; name = Base; path = Base.lproj/Main.storyboard; sourceTree = "<group>"; };
		403129611E431DF7004CA4F8 /* RouteNav.xcdatamodel */ = {isa = PBXFileReference; lastKnownFileType = wrapper.xcdatamodel; path = RouteNav.xcdatamodel; sourceTree = "<group>"; };
		403129661E431DF7004CA4F8 /* Base */ = {isa = PBXFileReference; lastKnownFileType = file.storyboard; name = Base; path = Base.lproj/LaunchScreen.storyboard; sourceTree = "<group>"; };
		403129681E431DF7004CA4F8 /* Info.plist */ = {isa = PBXFileReference; lastKnownFileType = text.plist.xml; path = Info.plist; sourceTree = "<group>"; };
		403129711E431DF7004CA4F8 /* RouteNavTests.swift */ = {isa = PBXFileReference; lastKnownFileType = sourcecode.swift; path = RouteNavTests.swift; sourceTree = "<group>"; };
		403129731E431DF7004CA4F8 /* Info.plist */ = {isa = PBXFileReference; lastKnownFileType = text.plist.xml; path = Info.plist; sourceTree = "<group>"; };
		4031297C1E431DF7004CA4F8 /* RouteNavUITests.swift */ = {isa = PBXFileReference; lastKnownFileType = sourcecode.swift; path = RouteNavUITests.swift; sourceTree = "<group>"; };
		4031297E1E431DF7004CA4F8 /* Info.plist */ = {isa = PBXFileReference; lastKnownFileType = text.plist.xml; path = Info.plist; sourceTree = "<group>"; };
		403AF66D1F75857900EF0A9D /* RoutePolyline.swift */ = {isa = PBXFileReference; lastKnownFileType = sourcecode.swift; path = RoutePolyline.swift; sourceTree = "<group>"; };
		405F31991E81B1890013457C /* StravaAPIHelper.swift */ = {isa = PBXFileReference; fileEncoding = 4; lastKnownFileType = sourcecode.swift; path = StravaAPIHelper.swift; sourceTree = "<group>"; };
		407111B9200CFDC100530974 /* DataModel.swift */ = {isa = PBXFileReference; fileEncoding = 4; lastKnownFileType = sourcecode.swift; path = DataModel.swift; sourceTree = "<group>"; };
		407111BD200D04E900530974 /* OnBoardingViewController.swift */ = {isa = PBXFileReference; lastKnownFileType = sourcecode.swift; path = OnBoardingViewController.swift; sourceTree = "<group>"; };
		4072BE761FD579710004525E /* RoutesViewController.swift */ = {isa = PBXFileReference; lastKnownFileType = sourcecode.swift; path = RoutesViewController.swift; sourceTree = "<group>"; };
		4072C092203975E800EB7E5E /* RouteCollectionViewCell.swift */ = {isa = PBXFileReference; lastKnownFileType = sourcecode.swift; path = RouteCollectionViewCell.swift; sourceTree = "<group>"; };
		4072C093203975E800EB7E5E /* RouteCollectionViewCell.xib */ = {isa = PBXFileReference; lastKnownFileType = file.xib; path = RouteCollectionViewCell.xib; sourceTree = "<group>"; };
		40866E8E1F111FFD00778CCC /* StravaAuthViewController.swift */ = {isa = PBXFileReference; fileEncoding = 4; lastKnownFileType = sourcecode.swift; path = StravaAuthViewController.swift; sourceTree = "<group>"; };
		40866E911F11326200778CCC /* AdSupport.framework */ = {isa = PBXFileReference; lastKnownFileType = wrapper.framework; name = AdSupport.framework; path = System/Library/Frameworks/AdSupport.framework; sourceTree = SDKROOT; };
		409559811F135C9800050BDD /* SRTHelperFunctions.swift */ = {isa = PBXFileReference; lastKnownFileType = sourcecode.swift; path = SRTHelperFunctions.swift; sourceTree = "<group>"; };
		409CA469204883EB00874BC9 /* UIImageViewExtension.swift */ = {isa = PBXFileReference; fileEncoding = 4; lastKnownFileType = sourcecode.swift; path = UIImageViewExtension.swift; sourceTree = "<group>"; };
		40AD0A411EAA21DB00E06958 /* RouteNavigationViewController.swift */ = {isa = PBXFileReference; fileEncoding = 4; lastKnownFileType = sourcecode.swift; path = RouteNavigationViewController.swift; sourceTree = "<group>"; };
		40BC517B1FDFD33900F180B2 /* RouteAnnotationView.swift */ = {isa = PBXFileReference; lastKnownFileType = sourcecode.swift; path = RouteAnnotationView.swift; sourceTree = "<group>"; };
		40BE764020264DAD00132D9A /* MapPullUpViewController.swift */ = {isa = PBXFileReference; lastKnownFileType = sourcecode.swift; path = MapPullUpViewController.swift; sourceTree = "<group>"; };
		40BE764120264DAD00132D9A /* MapPullUpViewController.xib */ = {isa = PBXFileReference; lastKnownFileType = file.xib; path = MapPullUpViewController.xib; sourceTree = "<group>"; };
		40BE764420265BB400132D9A /* MapPullUpDelegate.swift */ = {isa = PBXFileReference; lastKnownFileType = sourcecode.swift; path = MapPullUpDelegate.swift; sourceTree = "<group>"; };
		40D8E7271FDACF050034590A /* RouteAnnotation.swift */ = {isa = PBXFileReference; lastKnownFileType = sourcecode.swift; path = RouteAnnotation.swift; sourceTree = "<group>"; };
		40F1AC651EBCE84C006CD74B /* StravaCoreDataHandler.swift */ = {isa = PBXFileReference; fileEncoding = 4; lastKnownFileType = sourcecode.swift; path = StravaCoreDataHandler.swift; sourceTree = "<group>"; };
		40FAFC8E1EABABA80002EDAC /* GoogleService-Info.plist */ = {isa = PBXFileReference; fileEncoding = 4; lastKnownFileType = text.plist.xml; path = "GoogleService-Info.plist"; sourceTree = "<group>"; };
		40FF5E432013772A00816EC0 /* CustomActivity.swift */ = {isa = PBXFileReference; lastKnownFileType = sourcecode.swift; path = CustomActivity.swift; sourceTree = "<group>"; };
		40FF5E4620139EA100816EC0 /* Assets.xcassets */ = {isa = PBXFileReference; lastKnownFileType = folder.assetcatalog; path = Assets.xcassets; sourceTree = "<group>"; };
		463FD9BD630C5A6AB65E7AFA /* Pods_RouteNav.framework */ = {isa = PBXFileReference; explicitFileType = wrapper.framework; includeInIndex = 0; path = Pods_RouteNav.framework; sourceTree = BUILT_PRODUCTS_DIR; };
		A800AAA9C0CC634E0F9D58D5 /* Pods_RouteNavUITests.framework */ = {isa = PBXFileReference; explicitFileType = wrapper.framework; includeInIndex = 0; path = Pods_RouteNavUITests.framework; sourceTree = BUILT_PRODUCTS_DIR; };
		D4081F193694BD807CAC3693 /* Pods-RouteNav.release.xcconfig */ = {isa = PBXFileReference; includeInIndex = 1; lastKnownFileType = text.xcconfig; name = "Pods-RouteNav.release.xcconfig"; path = "Pods/Target Support Files/Pods-RouteNav/Pods-RouteNav.release.xcconfig"; sourceTree = "<group>"; };
/* End PBXFileReference section */

/* Begin PBXFrameworksBuildPhase section */
		403129531E431DF7004CA4F8 /* Frameworks */ = {
			isa = PBXFrameworksBuildPhase;
			buildActionMask = 2147483647;
			files = (
				40866E921F11326200778CCC /* AdSupport.framework in Frameworks */,
				400B6D431F32466D0094E76C /* MapKit.framework in Frameworks */,
				241154357B10F80B754F7A76 /* Pods_RouteNav.framework in Frameworks */,
			);
			runOnlyForDeploymentPostprocessing = 0;
		};
/* End PBXFrameworksBuildPhase section */

/* Begin PBXGroup section */
		400E09FC1E4350E900EE4118 /* Frameworks */ = {
			isa = PBXGroup;
			children = (
				400B6D421F32466D0094E76C /* MapKit.framework */,
				40866E911F11326200778CCC /* AdSupport.framework */,
				400E09FD1E4350E900EE4118 /* StravaSwift.framework */,
				463FD9BD630C5A6AB65E7AFA /* Pods_RouteNav.framework */,
				0CEE47B86ECFBD8FF7B2026D /* Pods_RouteNavTests.framework */,
				A800AAA9C0CC634E0F9D58D5 /* Pods_RouteNavUITests.framework */,
			);
			name = Frameworks;
			sourceTree = "<group>";
		};
		4031294D1E431DF7004CA4F8 = {
			isa = PBXGroup;
			children = (
				403129581E431DF7004CA4F8 /* RouteNav */,
				403129701E431DF7004CA4F8 /* RouteNavTests */,
				4031297B1E431DF7004CA4F8 /* RouteNavUITests */,
				403129571E431DF7004CA4F8 /* Products */,
				400E09FC1E4350E900EE4118 /* Frameworks */,
				C0D918AD73888F1379816BE1 /* Pods */,
			);
			sourceTree = "<group>";
		};
		403129571E431DF7004CA4F8 /* Products */ = {
			isa = PBXGroup;
			children = (
				403129561E431DF7004CA4F8 /* RouteNav.app */,
			);
			name = Products;
			sourceTree = "<group>";
		};
		403129581E431DF7004CA4F8 /* RouteNav */ = {
			isa = PBXGroup;
			children = (
				409CA468204883D800874BC9 /* Extension */,
				400EDFDA1F5360AB00E4BB62 /* Pugneys to Nostell.gpx */,
				40040E6D2014F84000193FE4 /* RouteNav.entitlements */,
				40870B84202628EA00E26F9C /* MapPullUpView */,
				40FF5E422013770100816EC0 /* Activity */,
				407111BF200D058B00530974 /* onBoarding */,
				403AF6681F7583EA00EF0A9D /* MapOverlay */,
				409559801F135C5900050BDD /* Common */,
				405640872038AB8A003CD7F2 /* CollectionView */,
				40B42AC31E7AC47200B8FA84 /* StravaAPI */,
				4031298C1E4320A6004CA4F8 /* Model */,
				4031298B1E432099004CA4F8 /* UI */,
				4031298A1E432078004CA4F8 /* ViewControllers */,
				403129591E431DF7004CA4F8 /* AppDelegate.swift */,
				40FAFC8E1EABABA80002EDAC /* GoogleService-Info.plist */,
				403129681E431DF7004CA4F8 /* Info.plist */,
			);
			path = RouteNav;
			sourceTree = "<group>";
		};
		403129701E431DF7004CA4F8 /* RouteNavTests */ = {
			isa = PBXGroup;
			children = (
				403129711E431DF7004CA4F8 /* RouteNavTests.swift */,
				403129731E431DF7004CA4F8 /* Info.plist */,
			);
			path = RouteNavTests;
			sourceTree = "<group>";
		};
		4031297B1E431DF7004CA4F8 /* RouteNavUITests */ = {
			isa = PBXGroup;
			children = (
				4031297C1E431DF7004CA4F8 /* RouteNavUITests.swift */,
				4031297E1E431DF7004CA4F8 /* Info.plist */,
			);
			path = RouteNavUITests;
			sourceTree = "<group>";
		};
		4031298A1E432078004CA4F8 /* ViewControllers */ = {
			isa = PBXGroup;
			children = (
				40866E8E1F111FFD00778CCC /* StravaAuthViewController.swift */,
				4072BE761FD579710004525E /* RoutesViewController.swift */,
				40AD0A411EAA21DB00E06958 /* RouteNavigationViewController.swift */,
			);
			name = ViewControllers;
			sourceTree = "<group>";
		};
		4031298B1E432099004CA4F8 /* UI */ = {
			isa = PBXGroup;
			children = (
				40FF5E4620139EA100816EC0 /* Assets.xcassets */,
				4031295D1E431DF7004CA4F8 /* Main.storyboard */,
				403129651E431DF7004CA4F8 /* LaunchScreen.storyboard */,
			);
			name = UI;
			sourceTree = "<group>";
		};
		4031298C1E4320A6004CA4F8 /* Model */ = {
			isa = PBXGroup;
			children = (
				403129601E431DF7004CA4F8 /* RouteNav.xcdatamodeld */,
				40F1AC651EBCE84C006CD74B /* StravaCoreDataHandler.swift */,
			);
			name = Model;
			sourceTree = "<group>";
		};
		403AF6681F7583EA00EF0A9D /* MapOverlay */ = {
			isa = PBXGroup;
			children = (
				403AF66D1F75857900EF0A9D /* RoutePolyline.swift */,
				40D8E7271FDACF050034590A /* RouteAnnotation.swift */,
				40BC517B1FDFD33900F180B2 /* RouteAnnotationView.swift */,
			);
			name = MapOverlay;
			sourceTree = "<group>";
		};
		405640872038AB8A003CD7F2 /* CollectionView */ = {
			isa = PBXGroup;
			children = (
				4072C092203975E800EB7E5E /* RouteCollectionViewCell.swift */,
				4072C093203975E800EB7E5E /* RouteCollectionViewCell.xib */,
			);
			name = CollectionView;
			sourceTree = "<group>";
		};
		407111BF200D058B00530974 /* onBoarding */ = {
			isa = PBXGroup;
			children = (
				407111B9200CFDC100530974 /* DataModel.swift */,
				407111BD200D04E900530974 /* OnBoardingViewController.swift */,
			);
			name = onBoarding;
			sourceTree = "<group>";
		};
		40870B84202628EA00E26F9C /* MapPullUpView */ = {
			isa = PBXGroup;
			children = (
				40BE764420265BB400132D9A /* MapPullUpDelegate.swift */,
				40BE764020264DAD00132D9A /* MapPullUpViewController.swift */,
				40BE764120264DAD00132D9A /* MapPullUpViewController.xib */,
			);
			name = MapPullUpView;
			sourceTree = "<group>";
		};
		409559801F135C5900050BDD /* Common */ = {
			isa = PBXGroup;
			children = (
				409559811F135C9800050BDD /* SRTHelperFunctions.swift */,
			);
			path = Common;
			sourceTree = "<group>";
		};
		409CA468204883D800874BC9 /* Extension */ = {
			isa = PBXGroup;
			children = (
				409CA469204883EB00874BC9 /* UIImageViewExtension.swift */,
				401278F6205D746E005440A4 /* CLLocationExtension.swift */,
				401278F8205D74F9005440A4 /* DoubleExtension.swift */,
			);
			name = Extension;
			sourceTree = "<group>";
		};
		40B42AC31E7AC47200B8FA84 /* StravaAPI */ = {
			isa = PBXGroup;
			children = (
				405F31991E81B1890013457C /* StravaAPIHelper.swift */,
			);
			name = StravaAPI;
			sourceTree = "<group>";
		};
		40FF5E422013770100816EC0 /* Activity */ = {
			isa = PBXGroup;
			children = (
				40FF5E432013772A00816EC0 /* CustomActivity.swift */,
			);
			name = Activity;
			sourceTree = "<group>";
		};
		C0D918AD73888F1379816BE1 /* Pods */ = {
			isa = PBXGroup;
			children = (
				19A519723F5F6F49D94DCBED /* Pods-RouteNav.debug.xcconfig */,
				D4081F193694BD807CAC3693 /* Pods-RouteNav.release.xcconfig */,
			);
			name = Pods;
			sourceTree = "<group>";
		};
/* End PBXGroup section */

/* Begin PBXNativeTarget section */
		403129551E431DF7004CA4F8 /* RouteNav */ = {
			isa = PBXNativeTarget;
			buildConfigurationList = 403129811E431DF7004CA4F8 /* Build configuration list for PBXNativeTarget "RouteNav" */;
			buildPhases = (
				1CAAE62232DB8B9E7AC96040 /* [CP] Check Pods Manifest.lock */,
				403129521E431DF7004CA4F8 /* Sources */,
				403129531E431DF7004CA4F8 /* Frameworks */,
				403129541E431DF7004CA4F8 /* Resources */,
				2FFB08F6332706F34BE51D47 /* [CP] Embed Pods Frameworks */,
				38563B5086B9E989CFE9A72F /* [CP] Copy Pods Resources */,
				40F507D81F75515F00E6993C /* Embed Watch Content */,
				401278F5205D69FC005440A4 /* ShellScript */,
			);
			buildRules = (
			);
			dependencies = (
			);
			name = RouteNav;
			productName = RouteNav;
			productReference = 403129561E431DF7004CA4F8 /* RouteNav.app */;
			productType = "com.apple.product-type.application";
		};
/* End PBXNativeTarget section */

/* Begin PBXProject section */
		4031294E1E431DF7004CA4F8 /* Project object */ = {
			isa = PBXProject;
			attributes = {
				LastSwiftUpdateCheck = 0900;
				LastUpgradeCheck = 0930;
				ORGANIZATIONNAME = "Andrew Donnelly";
				TargetAttributes = {
					403129551E431DF7004CA4F8 = {
						CreatedOnToolsVersion = 8.2.1;
						DevelopmentTeam = 4JYLXVYYFP;
						LastSwiftMigration = 0920;
						ProvisioningStyle = Automatic;
						SystemCapabilities = {
							com.apple.BackgroundModes = {
								enabled = 1;
							};
							com.apple.Keychain = {
								enabled = 0;
							};
							com.apple.Maps.iOS = {
								enabled = 1;
							};
							com.apple.Push = {
								enabled = 1;
							};
						};
					};
				};
			};
			buildConfigurationList = 403129511E431DF7004CA4F8 /* Build configuration list for PBXProject "RouteNav" */;
			compatibilityVersion = "Xcode 3.2";
			developmentRegion = English;
			hasScannedForEncodings = 0;
			knownRegions = (
				en,
				Base,
			);
			mainGroup = 4031294D1E431DF7004CA4F8;
			productRefGroup = 403129571E431DF7004CA4F8 /* Products */;
			projectDirPath = "";
			projectRoot = "";
			targets = (
				403129551E431DF7004CA4F8 /* RouteNav */,
			);
		};
/* End PBXProject section */

/* Begin PBXResourcesBuildPhase section */
		403129541E431DF7004CA4F8 /* Resources */ = {
			isa = PBXResourcesBuildPhase;
			buildActionMask = 2147483647;
			files = (
				403129671E431DF7004CA4F8 /* LaunchScreen.storyboard in Resources */,
				40BE764320264DAD00132D9A /* MapPullUpViewController.xib in Resources */,
				40FAFC8F1EABABA80002EDAC /* GoogleService-Info.plist in Resources */,
				4072C095203975E800EB7E5E /* RouteCollectionViewCell.xib in Resources */,
				4031295F1E431DF7004CA4F8 /* Main.storyboard in Resources */,
				40FF5E4720139EA100816EC0 /* Assets.xcassets in Resources */,
			);
			runOnlyForDeploymentPostprocessing = 0;
		};
/* End PBXResourcesBuildPhase section */

/* Begin PBXShellScriptBuildPhase section */
		1CAAE62232DB8B9E7AC96040 /* [CP] Check Pods Manifest.lock */ = {
			isa = PBXShellScriptBuildPhase;
			buildActionMask = 2147483647;
			files = (
			);
			inputPaths = (
				"${PODS_PODFILE_DIR_PATH}/Podfile.lock",
				"${PODS_ROOT}/Manifest.lock",
			);
			name = "[CP] Check Pods Manifest.lock";
			outputPaths = (
				"$(DERIVED_FILE_DIR)/Pods-RouteNav-checkManifestLockResult.txt",
			);
			runOnlyForDeploymentPostprocessing = 0;
			shellPath = /bin/sh;
			shellScript = "diff \"${PODS_PODFILE_DIR_PATH}/Podfile.lock\" \"${PODS_ROOT}/Manifest.lock\" > /dev/null\nif [ $? != 0 ] ; then\n    # print error to STDERR\n    echo \"error: The sandbox is not in sync with the Podfile.lock. Run 'pod install' or update your CocoaPods installation.\" >&2\n    exit 1\nfi\n# This output is used by Xcode 'outputs' to avoid re-running this script phase.\necho \"SUCCESS\" > \"${SCRIPT_OUTPUT_FILE_0}\"\n";
			showEnvVarsInLog = 0;
		};
		2FFB08F6332706F34BE51D47 /* [CP] Embed Pods Frameworks */ = {
			isa = PBXShellScriptBuildPhase;
			buildActionMask = 2147483647;
			files = (
			);
			inputPaths = (
				"${SRCROOT}/Pods/Target Support Files/Pods-RouteNav/Pods-RouteNav-frameworks.sh",
				"${BUILT_PRODUCTS_DIR}/GoogleToolboxForMac/GoogleToolboxForMac.framework",
				"${BUILT_PRODUCTS_DIR}/OnboardingKit/OnboardingKit.framework",
				"${BUILT_PRODUCTS_DIR}/nanopb/nanopb.framework",
			);
			name = "[CP] Embed Pods Frameworks";
			outputPaths = (
				"${TARGET_BUILD_DIR}/${FRAMEWORKS_FOLDER_PATH}/GoogleToolboxForMac.framework",
				"${TARGET_BUILD_DIR}/${FRAMEWORKS_FOLDER_PATH}/OnboardingKit.framework",
				"${TARGET_BUILD_DIR}/${FRAMEWORKS_FOLDER_PATH}/nanopb.framework",
			);
			runOnlyForDeploymentPostprocessing = 0;
			shellPath = /bin/sh;
			shellScript = "\"${SRCROOT}/Pods/Target Support Files/Pods-RouteNav/Pods-RouteNav-frameworks.sh\"\n";
			showEnvVarsInLog = 0;
		};
		38563B5086B9E989CFE9A72F /* [CP] Copy Pods Resources */ = {
			isa = PBXShellScriptBuildPhase;
			buildActionMask = 2147483647;
			files = (
			);
			inputPaths = (
			);
			name = "[CP] Copy Pods Resources";
			outputPaths = (
			);
			runOnlyForDeploymentPostprocessing = 0;
			shellPath = /bin/sh;
			shellScript = "\"${SRCROOT}/Pods/Target Support Files/Pods-RouteNav/Pods-RouteNav-resources.sh\"\n";
			showEnvVarsInLog = 0;
		};
		401278F5205D69FC005440A4 /* ShellScript */ = {
			isa = PBXShellScriptBuildPhase;
			buildActionMask = 2147483647;
			files = (
			);
			inputPaths = (
			);
			outputPaths = (
			);
			runOnlyForDeploymentPostprocessing = 0;
			shellPath = /bin/sh;
			shellScript = "\"${PODS_ROOT}/SwiftLint/swiftlint\"  ";
		};
/* End PBXShellScriptBuildPhase section */

/* Begin PBXSourcesBuildPhase section */
		403129521E431DF7004CA4F8 /* Sources */ = {
			isa = PBXSourcesBuildPhase;
			buildActionMask = 2147483647;
			files = (
				401278F9205D74F9005440A4 /* DoubleExtension.swift in Sources */,
				401278F7205D746E005440A4 /* CLLocationExtension.swift in Sources */,
				40FF5E442013772A00816EC0 /* CustomActivity.swift in Sources */,
				40AD0A421EAA21DB00E06958 /* RouteNavigationViewController.swift in Sources */,
				40BC517C1FDFD33900F180B2 /* RouteAnnotationView.swift in Sources */,
				405F319A1E81B1890013457C /* StravaAPIHelper.swift in Sources */,
				40F1AC661EBCE84C006CD74B /* StravaCoreDataHandler.swift in Sources */,
				4072BE771FD579710004525E /* RoutesViewController.swift in Sources */,
				40866E8F1F111FFD00778CCC /* StravaAuthViewController.swift in Sources */,
				40BE764220264DAD00132D9A /* MapPullUpViewController.swift in Sources */,
				407111BA200CFDC100530974 /* DataModel.swift in Sources */,
				4072C094203975E800EB7E5E /* RouteCollectionViewCell.swift in Sources */,
				40BE764520265BB400132D9A /* MapPullUpDelegate.swift in Sources */,
				409559821F135C9800050BDD /* SRTHelperFunctions.swift in Sources */,
				403AF66E1F75857900EF0A9D /* RoutePolyline.swift in Sources */,
				403129621E431DF7004CA4F8 /* RouteNav.xcdatamodeld in Sources */,
				409CA46A204883EB00874BC9 /* UIImageViewExtension.swift in Sources */,
				407111BE200D04E900530974 /* OnBoardingViewController.swift in Sources */,
				40D8E7281FDACF050034590A /* RouteAnnotation.swift in Sources */,
				4031295A1E431DF7004CA4F8 /* AppDelegate.swift in Sources */,
			);
			runOnlyForDeploymentPostprocessing = 0;
		};
/* End PBXSourcesBuildPhase section */

/* Begin PBXVariantGroup section */
		4031295D1E431DF7004CA4F8 /* Main.storyboard */ = {
			isa = PBXVariantGroup;
			children = (
				4031295E1E431DF7004CA4F8 /* Base */,
			);
			name = Main.storyboard;
			sourceTree = "<group>";
		};
		403129651E431DF7004CA4F8 /* LaunchScreen.storyboard */ = {
			isa = PBXVariantGroup;
			children = (
				403129661E431DF7004CA4F8 /* Base */,
			);
			name = LaunchScreen.storyboard;
			sourceTree = "<group>";
		};
/* End PBXVariantGroup section */

/* Begin XCBuildConfiguration section */
		4031297F1E431DF7004CA4F8 /* Debug */ = {
			isa = XCBuildConfiguration;
			buildSettings = {
				ALWAYS_SEARCH_USER_PATHS = NO;
				CLANG_ANALYZER_NONNULL = YES;
				CLANG_CXX_LANGUAGE_STANDARD = "gnu++0x";
				CLANG_CXX_LIBRARY = "libc++";
				CLANG_ENABLE_MODULES = YES;
				CLANG_ENABLE_OBJC_ARC = YES;
				CLANG_WARN_BLOCK_CAPTURE_AUTORELEASING = YES;
				CLANG_WARN_BOOL_CONVERSION = YES;
				CLANG_WARN_COMMA = YES;
				CLANG_WARN_CONSTANT_CONVERSION = YES;
				CLANG_WARN_DEPRECATED_OBJC_IMPLEMENTATIONS = YES;
				CLANG_WARN_DIRECT_OBJC_ISA_USAGE = YES_ERROR;
				CLANG_WARN_DOCUMENTATION_COMMENTS = YES;
				CLANG_WARN_EMPTY_BODY = YES;
				CLANG_WARN_ENUM_CONVERSION = YES;
				CLANG_WARN_INFINITE_RECURSION = YES;
				CLANG_WARN_INT_CONVERSION = YES;
				CLANG_WARN_NON_LITERAL_NULL_CONVERSION = YES;
				CLANG_WARN_OBJC_IMPLICIT_RETAIN_SELF = YES;
				CLANG_WARN_OBJC_LITERAL_CONVERSION = YES;
				CLANG_WARN_OBJC_ROOT_CLASS = YES_ERROR;
				CLANG_WARN_RANGE_LOOP_ANALYSIS = YES;
				CLANG_WARN_STRICT_PROTOTYPES = YES;
				CLANG_WARN_SUSPICIOUS_MOVE = YES;
				CLANG_WARN_UNREACHABLE_CODE = YES;
				CLANG_WARN__DUPLICATE_METHOD_MATCH = YES;
				"CODE_SIGN_IDENTITY[sdk=iphoneos*]" = "iPhone Developer";
				COPY_PHASE_STRIP = NO;
				DEBUG_INFORMATION_FORMAT = dwarf;
				DEVELOPMENT_TEAM = 4JYLXVYYFP;
				ENABLE_STRICT_OBJC_MSGSEND = YES;
				ENABLE_TESTABILITY = YES;
				GCC_C_LANGUAGE_STANDARD = gnu99;
				GCC_DYNAMIC_NO_PIC = NO;
				GCC_NO_COMMON_BLOCKS = YES;
				GCC_OPTIMIZATION_LEVEL = 0;
				GCC_PREPROCESSOR_DEFINITIONS = (
					"DEBUG=1",
					"$(inherited)",
				);
				GCC_WARN_64_TO_32_BIT_CONVERSION = YES;
				GCC_WARN_ABOUT_RETURN_TYPE = YES_ERROR;
				GCC_WARN_UNDECLARED_SELECTOR = YES;
				GCC_WARN_UNINITIALIZED_AUTOS = YES_AGGRESSIVE;
				GCC_WARN_UNUSED_FUNCTION = YES;
				GCC_WARN_UNUSED_VARIABLE = YES;
				IPHONEOS_DEPLOYMENT_TARGET = 10.3;
				MTL_ENABLE_DEBUG_INFO = YES;
				ONLY_ACTIVE_ARCH = YES;
				SDKROOT = iphoneos;
				SWIFT_ACTIVE_COMPILATION_CONDITIONS = DEBUG;
				SWIFT_OPTIMIZATION_LEVEL = "-Onone";
				SWIFT_VERSION = 3.0;
			};
			name = Debug;
		};
		403129801E431DF7004CA4F8 /* Release */ = {
			isa = XCBuildConfiguration;
			buildSettings = {
				ALWAYS_SEARCH_USER_PATHS = NO;
				CLANG_ANALYZER_NONNULL = YES;
				CLANG_CXX_LANGUAGE_STANDARD = "gnu++0x";
				CLANG_CXX_LIBRARY = "libc++";
				CLANG_ENABLE_MODULES = YES;
				CLANG_ENABLE_OBJC_ARC = YES;
				CLANG_WARN_BLOCK_CAPTURE_AUTORELEASING = YES;
				CLANG_WARN_BOOL_CONVERSION = YES;
				CLANG_WARN_COMMA = YES;
				CLANG_WARN_CONSTANT_CONVERSION = YES;
				CLANG_WARN_DEPRECATED_OBJC_IMPLEMENTATIONS = YES;
				CLANG_WARN_DIRECT_OBJC_ISA_USAGE = YES_ERROR;
				CLANG_WARN_DOCUMENTATION_COMMENTS = YES;
				CLANG_WARN_EMPTY_BODY = YES;
				CLANG_WARN_ENUM_CONVERSION = YES;
				CLANG_WARN_INFINITE_RECURSION = YES;
				CLANG_WARN_INT_CONVERSION = YES;
				CLANG_WARN_NON_LITERAL_NULL_CONVERSION = YES;
				CLANG_WARN_OBJC_IMPLICIT_RETAIN_SELF = YES;
				CLANG_WARN_OBJC_LITERAL_CONVERSION = YES;
				CLANG_WARN_OBJC_ROOT_CLASS = YES_ERROR;
				CLANG_WARN_RANGE_LOOP_ANALYSIS = YES;
				CLANG_WARN_STRICT_PROTOTYPES = YES;
				CLANG_WARN_SUSPICIOUS_MOVE = YES;
				CLANG_WARN_UNREACHABLE_CODE = YES;
				CLANG_WARN__DUPLICATE_METHOD_MATCH = YES;
				"CODE_SIGN_IDENTITY[sdk=iphoneos*]" = "iPhone Developer";
				COPY_PHASE_STRIP = NO;
				DEBUG_INFORMATION_FORMAT = "dwarf-with-dsym";
				DEVELOPMENT_TEAM = 4JYLXVYYFP;
				ENABLE_NS_ASSERTIONS = NO;
				ENABLE_STRICT_OBJC_MSGSEND = YES;
				GCC_C_LANGUAGE_STANDARD = gnu99;
				GCC_NO_COMMON_BLOCKS = YES;
				GCC_WARN_64_TO_32_BIT_CONVERSION = YES;
				GCC_WARN_ABOUT_RETURN_TYPE = YES_ERROR;
				GCC_WARN_UNDECLARED_SELECTOR = YES;
				GCC_WARN_UNINITIALIZED_AUTOS = YES_AGGRESSIVE;
				GCC_WARN_UNUSED_FUNCTION = YES;
				GCC_WARN_UNUSED_VARIABLE = YES;
				IPHONEOS_DEPLOYMENT_TARGET = 10.3;
				MTL_ENABLE_DEBUG_INFO = NO;
				SDKROOT = iphoneos;
				SWIFT_OPTIMIZATION_LEVEL = "-Owholemodule";
				SWIFT_VERSION = 3.0;
				VALIDATE_PRODUCT = YES;
			};
			name = Release;
		};
		403129821E431DF7004CA4F8 /* Debug */ = {
			isa = XCBuildConfiguration;
			baseConfigurationReference = 19A519723F5F6F49D94DCBED /* Pods-RouteNav.debug.xcconfig */;
			buildSettings = {
				ASSETCATALOG_COMPILER_APPICON_NAME = AppIcon;
				CODE_SIGN_ENTITLEMENTS = RouteNav/RouteNav.entitlements;
				DEVELOPMENT_TEAM = 4JYLXVYYFP;
				INFOPLIST_FILE = RouteNav/Info.plist;
				IPHONEOS_DEPLOYMENT_TARGET = 10.3;
				LD_RUNPATH_SEARCH_PATHS = "$(inherited) @executable_path/Frameworks";
				PRODUCT_BUNDLE_IDENTIFIER = uk.co.dinalli.STRVROUTE;
				PRODUCT_NAME = RouteNav;
				SWIFT_SWIFT3_OBJC_INFERENCE = On;
				SWIFT_VERSION = 4.0;
			};
			name = Debug;
		};
		403129831E431DF7004CA4F8 /* Release */ = {
			isa = XCBuildConfiguration;
			baseConfigurationReference = D4081F193694BD807CAC3693 /* Pods-RouteNav.release.xcconfig */;
			buildSettings = {
				ASSETCATALOG_COMPILER_APPICON_NAME = AppIcon;
				CODE_SIGN_ENTITLEMENTS = RouteNav/RouteNav.entitlements;
				DEVELOPMENT_TEAM = 4JYLXVYYFP;
				INFOPLIST_FILE = RouteNav/Info.plist;
				IPHONEOS_DEPLOYMENT_TARGET = 10.3;
				LD_RUNPATH_SEARCH_PATHS = "$(inherited) @executable_path/Frameworks";
				ONLY_ACTIVE_ARCH = YES;
				PRODUCT_BUNDLE_IDENTIFIER = uk.co.dinalli.STRVROUTE;
				PRODUCT_NAME = RouteNav;
				SWIFT_SWIFT3_OBJC_INFERENCE = On;
				SWIFT_VERSION = 4.0;
			};
			name = Release;
		};
/* End XCBuildConfiguration section */

/* Begin XCConfigurationList section */
		403129511E431DF7004CA4F8 /* Build configuration list for PBXProject "RouteNav" */ = {
			isa = XCConfigurationList;
			buildConfigurations = (
				4031297F1E431DF7004CA4F8 /* Debug */,
				403129801E431DF7004CA4F8 /* Release */,
			);
			defaultConfigurationIsVisible = 0;
			defaultConfigurationName = Release;
		};
		403129811E431DF7004CA4F8 /* Build configuration list for PBXNativeTarget "RouteNav" */ = {
			isa = XCConfigurationList;
			buildConfigurations = (
				403129821E431DF7004CA4F8 /* Debug */,
				403129831E431DF7004CA4F8 /* Release */,
			);
			defaultConfigurationIsVisible = 0;
			defaultConfigurationName = Release;
		};
/* End XCConfigurationList section */

/* Begin XCVersionGroup section */
		403129601E431DF7004CA4F8 /* RouteNav.xcdatamodeld */ = {
			isa = XCVersionGroup;
			children = (
				403129611E431DF7004CA4F8 /* RouteNav.xcdatamodel */,
			);
			currentVersion = 403129611E431DF7004CA4F8 /* RouteNav.xcdatamodel */;
			path = RouteNav.xcdatamodeld;
			sourceTree = "<group>";
			versionGroupType = wrapper.xcdatamodel;
		};
/* End XCVersionGroup section */
	};
	rootObject = 4031294E1E431DF7004CA4F8 /* Project object */;
}
